// !$*UTF8*$!
{
	archiveVersion = 1;
	classes = {
	};
	objectVersion = 46;
	objects = {

/* Begin PBXBuildFile section */
		7F421A4FD87650F1917A05B4 /* Pods_KYMart.framework in Frameworks */ = {isa = PBXBuildFile; fileRef = 73CE343BF70BEFD504900FAC /* Pods_KYMart.framework */; };
		BF335E371EE57CB1002358C1 /* KYProductCVCell.swift in Sources */ = {isa = PBXBuildFile; fileRef = BF335E351EE57CB1002358C1 /* KYProductCVCell.swift */; };
		BF335E381EE57CB1002358C1 /* KYProductCVCell.xib in Resources */ = {isa = PBXBuildFile; fileRef = BF335E361EE57CB1002358C1 /* KYProductCVCell.xib */; };
		BF335E3B1EE58033002358C1 /* KYProductHeadView.swift in Sources */ = {isa = PBXBuildFile; fileRef = BF335E391EE58033002358C1 /* KYProductHeadView.swift */; };
		BF335E3C1EE58033002358C1 /* KYProductHeadView.xib in Resources */ = {isa = PBXBuildFile; fileRef = BF335E3A1EE58033002358C1 /* KYProductHeadView.xib */; };
		BF8903051EE3A1EC004A0FF7 /* TAAbstractDotView.m in Sources */ = {isa = PBXBuildFile; fileRef = BF8902F81EE3A1EC004A0FF7 /* TAAbstractDotView.m */; };
		BF8903061EE3A1EC004A0FF7 /* TAAnimatedDotView.m in Sources */ = {isa = PBXBuildFile; fileRef = BF8902FA1EE3A1EC004A0FF7 /* TAAnimatedDotView.m */; };
		BF8903071EE3A1EC004A0FF7 /* TADotView.m in Sources */ = {isa = PBXBuildFile; fileRef = BF8902FC1EE3A1EC004A0FF7 /* TADotView.m */; };
		BF8903081EE3A1EC004A0FF7 /* TAPageControl.m in Sources */ = {isa = PBXBuildFile; fileRef = BF8902FE1EE3A1EC004A0FF7 /* TAPageControl.m */; };
		BF8903091EE3A1EC004A0FF7 /* SDCollectionViewCell.m in Sources */ = {isa = PBXBuildFile; fileRef = BF8903001EE3A1EC004A0FF7 /* SDCollectionViewCell.m */; };
		BF89030A1EE3A1EC004A0FF7 /* SDCycleScrollView.m in Sources */ = {isa = PBXBuildFile; fileRef = BF8903021EE3A1EC004A0FF7 /* SDCycleScrollView.m */; };
		BF89030B1EE3A1EC004A0FF7 /* UIView+SDExtension.m in Sources */ = {isa = PBXBuildFile; fileRef = BF8903041EE3A1EC004A0FF7 /* UIView+SDExtension.m */; };
		BF8903291EE3A4E1004A0FF7 /* MainTabBarViewController.swift in Sources */ = {isa = PBXBuildFile; fileRef = BF8903281EE3A4E1004A0FF7 /* MainTabBarViewController.swift */; };
		BF89032B1EE3A4F1004A0FF7 /* BaseViewController.swift in Sources */ = {isa = PBXBuildFile; fileRef = BF89032A1EE3A4F1004A0FF7 /* BaseViewController.swift */; };
		BF89032D1EE3A4FD004A0FF7 /* BaseNavViewController.swift in Sources */ = {isa = PBXBuildFile; fileRef = BF89032C1EE3A4FD004A0FF7 /* BaseNavViewController.swift */; };
		BF89032F1EE3A520004A0FF7 /* KYHomeViewController.swift in Sources */ = {isa = PBXBuildFile; fileRef = BF89032E1EE3A520004A0FF7 /* KYHomeViewController.swift */; };
		BF8903311EE3AAEC004A0FF7 /* Common.swift in Sources */ = {isa = PBXBuildFile; fileRef = BF8903301EE3AAEC004A0FF7 /* Common.swift */; };
		BF8903331EE3AAF5004A0FF7 /* SingleManager.swift in Sources */ = {isa = PBXBuildFile; fileRef = BF8903321EE3AAF5004A0FF7 /* SingleManager.swift */; };
		BF8903361EE3B055004A0FF7 /* 1.jpg in Resources */ = {isa = PBXBuildFile; fileRef = BF8903341EE3B055004A0FF7 /* 1.jpg */; };
		BF8903371EE3B055004A0FF7 /* 2.jpg in Resources */ = {isa = PBXBuildFile; fileRef = BF8903351EE3B055004A0FF7 /* 2.jpg */; };
		BF89033B1EE3B856004A0FF7 /* XLPlainFlowLayout.m in Sources */ = {isa = PBXBuildFile; fileRef = BF89033A1EE3B856004A0FF7 /* XLPlainFlowLayout.m */; };
		BF8903441EE3CBDC004A0FF7 /* KYHomeMenuCVCell.swift in Sources */ = {isa = PBXBuildFile; fileRef = BF8903421EE3CBDC004A0FF7 /* KYHomeMenuCVCell.swift */; };
		BF8903451EE3CBDC004A0FF7 /* KYHomeMenuCVCell.xib in Resources */ = {isa = PBXBuildFile; fileRef = BF8903431EE3CBDC004A0FF7 /* KYHomeMenuCVCell.xib */; };
		BF8903481EE3CE80004A0FF7 /* KYHomeHeadView.swift in Sources */ = {isa = PBXBuildFile; fileRef = BF8903461EE3CE80004A0FF7 /* KYHomeHeadView.swift */; };
		BF8903491EE3CE80004A0FF7 /* KYHomeHeadView.xib in Resources */ = {isa = PBXBuildFile; fileRef = BF8903471EE3CE80004A0FF7 /* KYHomeHeadView.xib */; };
		BF89034B1EE3D672004A0FF7 /* KYHomeLayout.swift in Sources */ = {isa = PBXBuildFile; fileRef = BF89034A1EE3D672004A0FF7 /* KYHomeLayout.swift */; };
		BF8903501EE4038D004A0FF7 /* KYHomeSecKillCVCell.swift in Sources */ = {isa = PBXBuildFile; fileRef = BF89034E1EE4038D004A0FF7 /* KYHomeSecKillCVCell.swift */; };
		BF8903511EE4038D004A0FF7 /* KYHomeSecKillCVCell.xib in Resources */ = {isa = PBXBuildFile; fileRef = BF89034F1EE4038D004A0FF7 /* KYHomeSecKillCVCell.xib */; };
		BF8903531EE40879004A0FF7 /* goods_thumb_1_400_400.jpeg in Resources */ = {isa = PBXBuildFile; fileRef = BF8903521EE40879004A0FF7 /* goods_thumb_1_400_400.jpeg */; };
		BF8903551EE4176D004A0FF7 /* View+Extension.swift in Sources */ = {isa = PBXBuildFile; fileRef = BF8903541EE4176D004A0FF7 /* View+Extension.swift */; };
		BF8903581EE41D47004A0FF7 /* KYHomeSallHeadView.swift in Sources */ = {isa = PBXBuildFile; fileRef = BF8903561EE41D46004A0FF7 /* KYHomeSallHeadView.swift */; };
		BF8903591EE41D47004A0FF7 /* KYHomeSallHeadView.xib in Resources */ = {isa = PBXBuildFile; fileRef = BF8903571EE41D46004A0FF7 /* KYHomeSallHeadView.xib */; };
		BF8903641EE42EB5004A0FF7 /* KYProductScrollCVCell.swift in Sources */ = {isa = PBXBuildFile; fileRef = BF8903621EE42EB5004A0FF7 /* KYProductScrollCVCell.swift */; };
		BF8903651EE42EB5004A0FF7 /* KYProductScrollCVCell.xib in Resources */ = {isa = PBXBuildFile; fileRef = BF8903631EE42EB5004A0FF7 /* KYProductScrollCVCell.xib */; };
		BF89036B1EE43288004A0FF7 /* HorizontalPageFlowlayout.m in Sources */ = {isa = PBXBuildFile; fileRef = BF89036A1EE43288004A0FF7 /* HorizontalPageFlowlayout.m */; };
		BF89036E1EE44915004A0FF7 /* KYHomeFootView.swift in Sources */ = {isa = PBXBuildFile; fileRef = BF89036C1EE44915004A0FF7 /* KYHomeFootView.swift */; };
		BF89036F1EE44915004A0FF7 /* KYHomeFootView.xib in Resources */ = {isa = PBXBuildFile; fileRef = BF89036D1EE44915004A0FF7 /* KYHomeFootView.xib */; };
		BF9B74B71EE782FC00322E2C /* KYProductMenuView.swift in Sources */ = {isa = PBXBuildFile; fileRef = BF9B74B61EE782FC00322E2C /* KYProductMenuView.swift */; };
		BF9B74B91EE7830800322E2C /* KYProductMenuView.xib in Resources */ = {isa = PBXBuildFile; fileRef = BF9B74B81EE7830800322E2C /* KYProductMenuView.xib */; };
		BF9B74BB1EE7AA6800322E2C /* KYProductDetailViewController.swift in Sources */ = {isa = PBXBuildFile; fileRef = BF9B74BA1EE7AA6800322E2C /* KYProductDetailViewController.swift */; };
		BFA1C2B11EE977840072C04D /* KYPropertyHeadView.swift in Sources */ = {isa = PBXBuildFile; fileRef = BFA1C2B01EE977840072C04D /* KYPropertyHeadView.swift */; };
		BFA1C2B31EE977950072C04D /* KYPropertyHeadView.xib in Resources */ = {isa = PBXBuildFile; fileRef = BFA1C2B21EE977950072C04D /* KYPropertyHeadView.xib */; };
		BFB5C8381EEA26F800BFFDE5 /* HXTagCustomeCell.swift in Sources */ = {isa = PBXBuildFile; fileRef = BFB5C8371EEA26F800BFFDE5 /* HXTagCustomeCell.swift */; };
		BFB5C8471EEA625E00BFFDE5 /* SJBForgetViewController.swift in Sources */ = {isa = PBXBuildFile; fileRef = BFB5C8411EEA625E00BFFDE5 /* SJBForgetViewController.swift */; };
		BFB5C8481EEA625E00BFFDE5 /* SJBLoginViewController.swift in Sources */ = {isa = PBXBuildFile; fileRef = BFB5C8421EEA625E00BFFDE5 /* SJBLoginViewController.swift */; };
		BFB5C8491EEA625E00BFFDE5 /* SJBRegisterViewController.swift in Sources */ = {isa = PBXBuildFile; fileRef = BFB5C8431EEA625E00BFFDE5 /* SJBRegisterViewController.swift */; };
		BFB5C84A1EEA625E00BFFDE5 /* SJBResetPassViewController.swift in Sources */ = {isa = PBXBuildFile; fileRef = BFB5C8441EEA625E00BFFDE5 /* SJBResetPassViewController.swift */; };
		BFB5C84C1EEA661F00BFFDE5 /* SJBCountDown.swift in Sources */ = {isa = PBXBuildFile; fileRef = BFB5C84B1EEA661F00BFFDE5 /* SJBCountDown.swift */; };
		BFB6D0AF1EE63C1600F2C61F /* SJBRequest.swift in Sources */ = {isa = PBXBuildFile; fileRef = BFB6D0AC1EE63C1600F2C61F /* SJBRequest.swift */; };
		BFB6D0B01EE63C1600F2C61F /* SJBRequestModel.swift in Sources */ = {isa = PBXBuildFile; fileRef = BFB6D0AD1EE63C1600F2C61F /* SJBRequestModel.swift */; };
		BFB6D0B11EE63C1600F2C61F /* SJBRequestUrl.swift in Sources */ = {isa = PBXBuildFile; fileRef = BFB6D0AE1EE63C1600F2C61F /* SJBRequestUrl.swift */; };
		BFB6D0B31EE63CE200F2C61F /* KYHomeModel.swift in Sources */ = {isa = PBXBuildFile; fileRef = BFB6D0B21EE63CE200F2C61F /* KYHomeModel.swift */; };
		BFB6D0B51EE6913400F2C61F /* FJSectionModel.swift in Sources */ = {isa = PBXBuildFile; fileRef = BFB6D0B41EE6913400F2C61F /* FJSectionModel.swift */; };
		BFB6D0B71EE6918A00F2C61F /* FJSubSectionModel.swift in Sources */ = {isa = PBXBuildFile; fileRef = BFB6D0B61EE6918A00F2C61F /* FJSubSectionModel.swift */; };
		BFB6D0CE1EE6965300F2C61F /* FJLeftMenuTVCell.swift in Sources */ = {isa = PBXBuildFile; fileRef = BFB6D0C61EE6965300F2C61F /* FJLeftMenuTVCell.swift */; };
		BFB6D0CF1EE6965300F2C61F /* FJLeftMenuTVCell.xib in Resources */ = {isa = PBXBuildFile; fileRef = BFB6D0C71EE6965300F2C61F /* FJLeftMenuTVCell.xib */; };
		BFB6D0D01EE6965300F2C61F /* FJSectionHeadView.swift in Sources */ = {isa = PBXBuildFile; fileRef = BFB6D0C81EE6965300F2C61F /* FJSectionHeadView.swift */; };
		BFB6D0D11EE6965300F2C61F /* FJSectionHeadView.xib in Resources */ = {isa = PBXBuildFile; fileRef = BFB6D0C91EE6965300F2C61F /* FJSectionHeadView.xib */; };
		BFB6D0D21EE6965300F2C61F /* FJSectionRowHeadView.swift in Sources */ = {isa = PBXBuildFile; fileRef = BFB6D0CA1EE6965300F2C61F /* FJSectionRowHeadView.swift */; };
		BFB6D0D31EE6965300F2C61F /* FJSectionRowHeadView.xib in Resources */ = {isa = PBXBuildFile; fileRef = BFB6D0CB1EE6965300F2C61F /* FJSectionRowHeadView.xib */; };
		BFB6D0D41EE6965300F2C61F /* FJSectionTitleCVCellCell.swift in Sources */ = {isa = PBXBuildFile; fileRef = BFB6D0CC1EE6965300F2C61F /* FJSectionTitleCVCellCell.swift */; };
		BFB6D0D51EE6965300F2C61F /* FJSectionTitleCVCellCell.xib in Resources */ = {isa = PBXBuildFile; fileRef = BFB6D0CD1EE6965300F2C61F /* FJSectionTitleCVCellCell.xib */; };
		BFB6D0E01EE69D4200F2C61F /* KYProductListViewController.swift in Sources */ = {isa = PBXBuildFile; fileRef = BFB6D0DF1EE69D4200F2C61F /* KYProductListViewController.swift */; };
		BFB6D0E31EE69DD700F2C61F /* KYProductListCVCell.swift in Sources */ = {isa = PBXBuildFile; fileRef = BFB6D0E11EE69DD700F2C61F /* KYProductListCVCell.swift */; };
		BFB6D0E41EE69DD700F2C61F /* KYProductListCVCell.xib in Resources */ = {isa = PBXBuildFile; fileRef = BFB6D0E21EE69DD700F2C61F /* KYProductListCVCell.xib */; };
		BFB6D0E61EE6ADBC00F2C61F /* KYProductListModel.swift in Sources */ = {isa = PBXBuildFile; fileRef = BFB6D0E51EE6ADBC00F2C61F /* KYProductListModel.swift */; };
		BFC017361EDF9875005D66B0 /* ViewController.swift in Sources */ = {isa = PBXBuildFile; fileRef = BFC017351EDF9875005D66B0 /* ViewController.swift */; };
		BFC017391EDF9875005D66B0 /* Main.storyboard in Resources */ = {isa = PBXBuildFile; fileRef = BFC017371EDF9875005D66B0 /* Main.storyboard */; };
		BFC0173B1EDF9875005D66B0 /* Assets.xcassets in Resources */ = {isa = PBXBuildFile; fileRef = BFC0173A1EDF9875005D66B0 /* Assets.xcassets */; };
		BFC0173E1EDF9875005D66B0 /* LaunchScreen.storyboard in Resources */ = {isa = PBXBuildFile; fileRef = BFC0173C1EDF9875005D66B0 /* LaunchScreen.storyboard */; };
		BFC017491EDF9875005D66B0 /* KYMartTests.swift in Sources */ = {isa = PBXBuildFile; fileRef = BFC017481EDF9875005D66B0 /* KYMartTests.swift */; };
		BFC017541EDF9875005D66B0 /* KYMartUITests.swift in Sources */ = {isa = PBXBuildFile; fileRef = BFC017531EDF9875005D66B0 /* KYMartUITests.swift */; };
		BFC0176A1EDF9AC1005D66B0 /* Color+Extension.swift in Sources */ = {isa = PBXBuildFile; fileRef = BFC017661EDF9AC1005D66B0 /* Color+Extension.swift */; };
		BFC0176B1EDF9AC1005D66B0 /* Controller+Extension.swift in Sources */ = {isa = PBXBuildFile; fileRef = BFC017671EDF9AC1005D66B0 /* Controller+Extension.swift */; };
		BFC0176C1EDF9AC1005D66B0 /* Object+Extension.swift in Sources */ = {isa = PBXBuildFile; fileRef = BFC017681EDF9AC1005D66B0 /* Object+Extension.swift */; };
		BFC0176D1EDF9AC1005D66B0 /* String+Extension.swift in Sources */ = {isa = PBXBuildFile; fileRef = BFC017691EDF9AC1005D66B0 /* String+Extension.swift */; };
		BFC017BF1EDF9B95005D66B0 /* AppDelegate.swift in Sources */ = {isa = PBXBuildFile; fileRef = BFC017BE1EDF9B95005D66B0 /* AppDelegate.swift */; };
		BFC017C61EDF9BCB005D66B0 /* CeshiViewController.m in Sources */ = {isa = PBXBuildFile; fileRef = BFC017C51EDF9BCB005D66B0 /* CeshiViewController.m */; };
		BFC017FD1EDF9BD6005D66B0 /* Reachability.m in Sources */ = {isa = PBXBuildFile; fileRef = BFC017C91EDF9BD6005D66B0 /* Reachability.m */; };
		BFC017FE1EDF9BD6005D66B0 /* XHToast.swift in Sources */ = {isa = PBXBuildFile; fileRef = BFC017CB1EDF9BD6005D66B0 /* XHToast.swift */; };
		BFC018151EDF9C06005D66B0 /* libsqlite3.0.tbd in Frameworks */ = {isa = PBXBuildFile; fileRef = BFC018141EDF9C06005D66B0 /* libsqlite3.0.tbd */; };
		BFC018171EDF9C3D005D66B0 /* libz.tbd in Frameworks */ = {isa = PBXBuildFile; fileRef = BFC018161EDF9C3D005D66B0 /* libz.tbd */; };
		BFC6790D1EE5624D00545C2C /* logo.jpg in Resources */ = {isa = PBXBuildFile; fileRef = BFC679051EE5624D00545C2C /* logo.jpg */; };
		BFC6790E1EE5624D00545C2C /* FJSectionController.swift in Sources */ = {isa = PBXBuildFile; fileRef = BFC679061EE5624D00545C2C /* FJSectionController.swift */; };
		BFDCB4071EE8F3730040A09B /* HXTagAttribute.m in Sources */ = {isa = PBXBuildFile; fileRef = BFDCB3FE1EE8F3730040A09B /* HXTagAttribute.m */; };
		BFDCB4081EE8F3730040A09B /* HXTagCollectionViewCell.m in Sources */ = {isa = PBXBuildFile; fileRef = BFDCB4001EE8F3730040A09B /* HXTagCollectionViewCell.m */; };
		BFDCB4091EE8F3730040A09B /* HXTagCollectionViewFlowLayout.m in Sources */ = {isa = PBXBuildFile; fileRef = BFDCB4021EE8F3730040A09B /* HXTagCollectionViewFlowLayout.m */; };
		BFDCB40A1EE8F3730040A09B /* HXTagsCell.m in Sources */ = {isa = PBXBuildFile; fileRef = BFDCB4041EE8F3730040A09B /* HXTagsCell.m */; };
		BFDCB40B1EE8F3730040A09B /* HXTagsView.m in Sources */ = {isa = PBXBuildFile; fileRef = BFDCB4061EE8F3730040A09B /* HXTagsView.m */; };
		BFDCB40D1EE905BD0040A09B /* KYGoodInfoModel.swift in Sources */ = {isa = PBXBuildFile; fileRef = BFDCB40C1EE905BD0040A09B /* KYGoodInfoModel.swift */; };
		BFDCB4101EE912070040A09B /* KYProductInfoTVCell.swift in Sources */ = {isa = PBXBuildFile; fileRef = BFDCB40E1EE912070040A09B /* KYProductInfoTVCell.swift */; };
		BFDCB4111EE912070040A09B /* KYProductInfoTVCell.xib in Resources */ = {isa = PBXBuildFile; fileRef = BFDCB40F1EE912070040A09B /* KYProductInfoTVCell.xib */; };
		BFDCB4131EE951AC0040A09B /* KYPropertyFootView.swift in Sources */ = {isa = PBXBuildFile; fileRef = BFDCB4121EE951AC0040A09B /* KYPropertyFootView.swift */; };
		BFDCB4151EE951EA0040A09B /* KYPropertyFootView.xib in Resources */ = {isa = PBXBuildFile; fileRef = BFDCB4141EE951EA0040A09B /* KYPropertyFootView.xib */; };
		BFFE0E681EE8367E00621CB0 /* KYProductDetailHomeViewController.swift in Sources */ = {isa = PBXBuildFile; fileRef = BFFE0E671EE8367E00621CB0 /* KYProductDetailHomeViewController.swift */; };
		BFFE0E6A1EE83B8900621CB0 /* KYProductPropertyView.swift in Sources */ = {isa = PBXBuildFile; fileRef = BFFE0E691EE83B8900621CB0 /* KYProductPropertyView.swift */; };
		BFFE0E6C1EE83B9B00621CB0 /* KYProductPropertyView.xib in Resources */ = {isa = PBXBuildFile; fileRef = BFFE0E6B1EE83B9B00621CB0 /* KYProductPropertyView.xib */; };
/* End PBXBuildFile section */

/* Begin PBXContainerItemProxy section */
		BFC017451EDF9875005D66B0 /* PBXContainerItemProxy */ = {
			isa = PBXContainerItemProxy;
			containerPortal = BFC017281EDF9875005D66B0 /* Project object */;
			proxyType = 1;
			remoteGlobalIDString = BFC0172F1EDF9875005D66B0;
			remoteInfo = KYMart;
		};
		BFC017501EDF9875005D66B0 /* PBXContainerItemProxy */ = {
			isa = PBXContainerItemProxy;
			containerPortal = BFC017281EDF9875005D66B0 /* Project object */;
			proxyType = 1;
			remoteGlobalIDString = BFC0172F1EDF9875005D66B0;
			remoteInfo = KYMart;
		};
/* End PBXContainerItemProxy section */

/* Begin PBXFileReference section */
		01CB4B724B5560F7C7F4E1F7 /* Pods-KYMart.debug.xcconfig */ = {isa = PBXFileReference; includeInIndex = 1; lastKnownFileType = text.xcconfig; name = "Pods-KYMart.debug.xcconfig"; path = "Pods/Target Support Files/Pods-KYMart/Pods-KYMart.debug.xcconfig"; sourceTree = "<group>"; };
		73CE343BF70BEFD504900FAC /* Pods_KYMart.framework */ = {isa = PBXFileReference; explicitFileType = wrapper.framework; includeInIndex = 0; path = Pods_KYMart.framework; sourceTree = BUILT_PRODUCTS_DIR; };
		8B9F43A844CFA121A5EE4CB5 /* Pods-KYMart.release.xcconfig */ = {isa = PBXFileReference; includeInIndex = 1; lastKnownFileType = text.xcconfig; name = "Pods-KYMart.release.xcconfig"; path = "Pods/Target Support Files/Pods-KYMart/Pods-KYMart.release.xcconfig"; sourceTree = "<group>"; };
		BF335E351EE57CB1002358C1 /* KYProductCVCell.swift */ = {isa = PBXFileReference; fileEncoding = 4; lastKnownFileType = sourcecode.swift; path = KYProductCVCell.swift; sourceTree = "<group>"; };
		BF335E361EE57CB1002358C1 /* KYProductCVCell.xib */ = {isa = PBXFileReference; fileEncoding = 4; lastKnownFileType = file.xib; path = KYProductCVCell.xib; sourceTree = "<group>"; };
		BF335E391EE58033002358C1 /* KYProductHeadView.swift */ = {isa = PBXFileReference; fileEncoding = 4; lastKnownFileType = sourcecode.swift; path = KYProductHeadView.swift; sourceTree = "<group>"; };
		BF335E3A1EE58033002358C1 /* KYProductHeadView.xib */ = {isa = PBXFileReference; fileEncoding = 4; lastKnownFileType = file.xib; path = KYProductHeadView.xib; sourceTree = "<group>"; };
		BF8902F71EE3A1EC004A0FF7 /* TAAbstractDotView.h */ = {isa = PBXFileReference; fileEncoding = 4; lastKnownFileType = sourcecode.c.h; path = TAAbstractDotView.h; sourceTree = "<group>"; };
		BF8902F81EE3A1EC004A0FF7 /* TAAbstractDotView.m */ = {isa = PBXFileReference; fileEncoding = 4; lastKnownFileType = sourcecode.c.objc; path = TAAbstractDotView.m; sourceTree = "<group>"; };
		BF8902F91EE3A1EC004A0FF7 /* TAAnimatedDotView.h */ = {isa = PBXFileReference; fileEncoding = 4; lastKnownFileType = sourcecode.c.h; path = TAAnimatedDotView.h; sourceTree = "<group>"; };
		BF8902FA1EE3A1EC004A0FF7 /* TAAnimatedDotView.m */ = {isa = PBXFileReference; fileEncoding = 4; lastKnownFileType = sourcecode.c.objc; path = TAAnimatedDotView.m; sourceTree = "<group>"; };
		BF8902FB1EE3A1EC004A0FF7 /* TADotView.h */ = {isa = PBXFileReference; fileEncoding = 4; lastKnownFileType = sourcecode.c.h; path = TADotView.h; sourceTree = "<group>"; };
		BF8902FC1EE3A1EC004A0FF7 /* TADotView.m */ = {isa = PBXFileReference; fileEncoding = 4; lastKnownFileType = sourcecode.c.objc; path = TADotView.m; sourceTree = "<group>"; };
		BF8902FD1EE3A1EC004A0FF7 /* TAPageControl.h */ = {isa = PBXFileReference; fileEncoding = 4; lastKnownFileType = sourcecode.c.h; path = TAPageControl.h; sourceTree = "<group>"; };
		BF8902FE1EE3A1EC004A0FF7 /* TAPageControl.m */ = {isa = PBXFileReference; fileEncoding = 4; lastKnownFileType = sourcecode.c.objc; path = TAPageControl.m; sourceTree = "<group>"; };
		BF8902FF1EE3A1EC004A0FF7 /* SDCollectionViewCell.h */ = {isa = PBXFileReference; fileEncoding = 4; lastKnownFileType = sourcecode.c.h; path = SDCollectionViewCell.h; sourceTree = "<group>"; };
		BF8903001EE3A1EC004A0FF7 /* SDCollectionViewCell.m */ = {isa = PBXFileReference; fileEncoding = 4; lastKnownFileType = sourcecode.c.objc; path = SDCollectionViewCell.m; sourceTree = "<group>"; };
		BF8903011EE3A1EC004A0FF7 /* SDCycleScrollView.h */ = {isa = PBXFileReference; fileEncoding = 4; lastKnownFileType = sourcecode.c.h; path = SDCycleScrollView.h; sourceTree = "<group>"; };
		BF8903021EE3A1EC004A0FF7 /* SDCycleScrollView.m */ = {isa = PBXFileReference; fileEncoding = 4; lastKnownFileType = sourcecode.c.objc; path = SDCycleScrollView.m; sourceTree = "<group>"; };
		BF8903031EE3A1EC004A0FF7 /* UIView+SDExtension.h */ = {isa = PBXFileReference; fileEncoding = 4; lastKnownFileType = sourcecode.c.h; path = "UIView+SDExtension.h"; sourceTree = "<group>"; };
		BF8903041EE3A1EC004A0FF7 /* UIView+SDExtension.m */ = {isa = PBXFileReference; fileEncoding = 4; lastKnownFileType = sourcecode.c.objc; path = "UIView+SDExtension.m"; sourceTree = "<group>"; };
		BF8903281EE3A4E1004A0FF7 /* MainTabBarViewController.swift */ = {isa = PBXFileReference; fileEncoding = 4; lastKnownFileType = sourcecode.swift; path = MainTabBarViewController.swift; sourceTree = "<group>"; };
		BF89032A1EE3A4F1004A0FF7 /* BaseViewController.swift */ = {isa = PBXFileReference; fileEncoding = 4; lastKnownFileType = sourcecode.swift; path = BaseViewController.swift; sourceTree = "<group>"; };
		BF89032C1EE3A4FD004A0FF7 /* BaseNavViewController.swift */ = {isa = PBXFileReference; fileEncoding = 4; lastKnownFileType = sourcecode.swift; path = BaseNavViewController.swift; sourceTree = "<group>"; };
		BF89032E1EE3A520004A0FF7 /* KYHomeViewController.swift */ = {isa = PBXFileReference; fileEncoding = 4; lastKnownFileType = sourcecode.swift; path = KYHomeViewController.swift; sourceTree = "<group>"; };
		BF8903301EE3AAEC004A0FF7 /* Common.swift */ = {isa = PBXFileReference; fileEncoding = 4; lastKnownFileType = sourcecode.swift; path = Common.swift; sourceTree = "<group>"; };
		BF8903321EE3AAF5004A0FF7 /* SingleManager.swift */ = {isa = PBXFileReference; fileEncoding = 4; lastKnownFileType = sourcecode.swift; path = SingleManager.swift; sourceTree = "<group>"; };
		BF8903341EE3B055004A0FF7 /* 1.jpg */ = {isa = PBXFileReference; lastKnownFileType = image.jpeg; path = 1.jpg; sourceTree = "<group>"; };
		BF8903351EE3B055004A0FF7 /* 2.jpg */ = {isa = PBXFileReference; lastKnownFileType = image.jpeg; path = 2.jpg; sourceTree = "<group>"; };
		BF8903391EE3B856004A0FF7 /* XLPlainFlowLayout.h */ = {isa = PBXFileReference; fileEncoding = 4; lastKnownFileType = sourcecode.c.h; path = XLPlainFlowLayout.h; sourceTree = "<group>"; };
		BF89033A1EE3B856004A0FF7 /* XLPlainFlowLayout.m */ = {isa = PBXFileReference; fileEncoding = 4; lastKnownFileType = sourcecode.c.objc; path = XLPlainFlowLayout.m; sourceTree = "<group>"; };
		BF8903421EE3CBDC004A0FF7 /* KYHomeMenuCVCell.swift */ = {isa = PBXFileReference; fileEncoding = 4; lastKnownFileType = sourcecode.swift; path = KYHomeMenuCVCell.swift; sourceTree = "<group>"; };
		BF8903431EE3CBDC004A0FF7 /* KYHomeMenuCVCell.xib */ = {isa = PBXFileReference; fileEncoding = 4; lastKnownFileType = file.xib; path = KYHomeMenuCVCell.xib; sourceTree = "<group>"; };
		BF8903461EE3CE80004A0FF7 /* KYHomeHeadView.swift */ = {isa = PBXFileReference; fileEncoding = 4; lastKnownFileType = sourcecode.swift; path = KYHomeHeadView.swift; sourceTree = "<group>"; };
		BF8903471EE3CE80004A0FF7 /* KYHomeHeadView.xib */ = {isa = PBXFileReference; fileEncoding = 4; lastKnownFileType = file.xib; path = KYHomeHeadView.xib; sourceTree = "<group>"; };
		BF89034A1EE3D672004A0FF7 /* KYHomeLayout.swift */ = {isa = PBXFileReference; fileEncoding = 4; lastKnownFileType = sourcecode.swift; path = KYHomeLayout.swift; sourceTree = "<group>"; };
		BF89034E1EE4038D004A0FF7 /* KYHomeSecKillCVCell.swift */ = {isa = PBXFileReference; fileEncoding = 4; lastKnownFileType = sourcecode.swift; path = KYHomeSecKillCVCell.swift; sourceTree = "<group>"; };
		BF89034F1EE4038D004A0FF7 /* KYHomeSecKillCVCell.xib */ = {isa = PBXFileReference; fileEncoding = 4; lastKnownFileType = file.xib; path = KYHomeSecKillCVCell.xib; sourceTree = "<group>"; };
		BF8903521EE40879004A0FF7 /* goods_thumb_1_400_400.jpeg */ = {isa = PBXFileReference; lastKnownFileType = image.jpeg; path = goods_thumb_1_400_400.jpeg; sourceTree = "<group>"; };
		BF8903541EE4176D004A0FF7 /* View+Extension.swift */ = {isa = PBXFileReference; fileEncoding = 4; lastKnownFileType = sourcecode.swift; path = "View+Extension.swift"; sourceTree = "<group>"; };
		BF8903561EE41D46004A0FF7 /* KYHomeSallHeadView.swift */ = {isa = PBXFileReference; fileEncoding = 4; lastKnownFileType = sourcecode.swift; path = KYHomeSallHeadView.swift; sourceTree = "<group>"; };
		BF8903571EE41D46004A0FF7 /* KYHomeSallHeadView.xib */ = {isa = PBXFileReference; fileEncoding = 4; lastKnownFileType = file.xib; path = KYHomeSallHeadView.xib; sourceTree = "<group>"; };
		BF8903621EE42EB5004A0FF7 /* KYProductScrollCVCell.swift */ = {isa = PBXFileReference; fileEncoding = 4; lastKnownFileType = sourcecode.swift; path = KYProductScrollCVCell.swift; sourceTree = "<group>"; };
		BF8903631EE42EB5004A0FF7 /* KYProductScrollCVCell.xib */ = {isa = PBXFileReference; fileEncoding = 4; lastKnownFileType = file.xib; path = KYProductScrollCVCell.xib; sourceTree = "<group>"; };
		BF8903691EE43288004A0FF7 /* HorizontalPageFlowlayout.h */ = {isa = PBXFileReference; fileEncoding = 4; lastKnownFileType = sourcecode.c.h; path = HorizontalPageFlowlayout.h; sourceTree = "<group>"; };
		BF89036A1EE43288004A0FF7 /* HorizontalPageFlowlayout.m */ = {isa = PBXFileReference; fileEncoding = 4; lastKnownFileType = sourcecode.c.objc; path = HorizontalPageFlowlayout.m; sourceTree = "<group>"; };
		BF89036C1EE44915004A0FF7 /* KYHomeFootView.swift */ = {isa = PBXFileReference; fileEncoding = 4; lastKnownFileType = sourcecode.swift; path = KYHomeFootView.swift; sourceTree = "<group>"; };
		BF89036D1EE44915004A0FF7 /* KYHomeFootView.xib */ = {isa = PBXFileReference; fileEncoding = 4; lastKnownFileType = file.xib; path = KYHomeFootView.xib; sourceTree = "<group>"; };
		BF9B74B61EE782FC00322E2C /* KYProductMenuView.swift */ = {isa = PBXFileReference; fileEncoding = 4; lastKnownFileType = sourcecode.swift; path = KYProductMenuView.swift; sourceTree = "<group>"; };
		BF9B74B81EE7830800322E2C /* KYProductMenuView.xib */ = {isa = PBXFileReference; fileEncoding = 4; lastKnownFileType = file.xib; path = KYProductMenuView.xib; sourceTree = "<group>"; };
		BF9B74BA1EE7AA6800322E2C /* KYProductDetailViewController.swift */ = {isa = PBXFileReference; fileEncoding = 4; lastKnownFileType = sourcecode.swift; path = KYProductDetailViewController.swift; sourceTree = "<group>"; };
		BFA1C2B01EE977840072C04D /* KYPropertyHeadView.swift */ = {isa = PBXFileReference; fileEncoding = 4; lastKnownFileType = sourcecode.swift; path = KYPropertyHeadView.swift; sourceTree = "<group>"; };
		BFA1C2B21EE977950072C04D /* KYPropertyHeadView.xib */ = {isa = PBXFileReference; fileEncoding = 4; lastKnownFileType = file.xib; path = KYPropertyHeadView.xib; sourceTree = "<group>"; };
		BFB5C8371EEA26F800BFFDE5 /* HXTagCustomeCell.swift */ = {isa = PBXFileReference; fileEncoding = 4; lastKnownFileType = sourcecode.swift; name = HXTagCustomeCell.swift; path = TagView/HXTagCustomeCell.swift; sourceTree = "<group>"; };
		BFB5C8411EEA625E00BFFDE5 /* SJBForgetViewController.swift */ = {isa = PBXFileReference; fileEncoding = 4; lastKnownFileType = sourcecode.swift; path = SJBForgetViewController.swift; sourceTree = "<group>"; };
		BFB5C8421EEA625E00BFFDE5 /* SJBLoginViewController.swift */ = {isa = PBXFileReference; fileEncoding = 4; lastKnownFileType = sourcecode.swift; path = SJBLoginViewController.swift; sourceTree = "<group>"; };
		BFB5C8431EEA625E00BFFDE5 /* SJBRegisterViewController.swift */ = {isa = PBXFileReference; fileEncoding = 4; lastKnownFileType = sourcecode.swift; path = SJBRegisterViewController.swift; sourceTree = "<group>"; };
		BFB5C8441EEA625E00BFFDE5 /* SJBResetPassViewController.swift */ = {isa = PBXFileReference; fileEncoding = 4; lastKnownFileType = sourcecode.swift; path = SJBResetPassViewController.swift; sourceTree = "<group>"; };
		BFB5C84B1EEA661F00BFFDE5 /* SJBCountDown.swift */ = {isa = PBXFileReference; fileEncoding = 4; lastKnownFileType = sourcecode.swift; path = SJBCountDown.swift; sourceTree = "<group>"; };
		BFB6D0AC1EE63C1600F2C61F /* SJBRequest.swift */ = {isa = PBXFileReference; fileEncoding = 4; lastKnownFileType = sourcecode.swift; path = SJBRequest.swift; sourceTree = "<group>"; };
		BFB6D0AD1EE63C1600F2C61F /* SJBRequestModel.swift */ = {isa = PBXFileReference; fileEncoding = 4; lastKnownFileType = sourcecode.swift; path = SJBRequestModel.swift; sourceTree = "<group>"; };
		BFB6D0AE1EE63C1600F2C61F /* SJBRequestUrl.swift */ = {isa = PBXFileReference; fileEncoding = 4; lastKnownFileType = sourcecode.swift; path = SJBRequestUrl.swift; sourceTree = "<group>"; };
		BFB6D0B21EE63CE200F2C61F /* KYHomeModel.swift */ = {isa = PBXFileReference; fileEncoding = 4; lastKnownFileType = sourcecode.swift; name = KYHomeModel.swift; path = AppDelegate/KYHomeModel.swift; sourceTree = SOURCE_ROOT; };
		BFB6D0B41EE6913400F2C61F /* FJSectionModel.swift */ = {isa = PBXFileReference; fileEncoding = 4; lastKnownFileType = sourcecode.swift; path = FJSectionModel.swift; sourceTree = "<group>"; };
		BFB6D0B61EE6918A00F2C61F /* FJSubSectionModel.swift */ = {isa = PBXFileReference; fileEncoding = 4; lastKnownFileType = sourcecode.swift; path = FJSubSectionModel.swift; sourceTree = "<group>"; };
		BFB6D0C61EE6965300F2C61F /* FJLeftMenuTVCell.swift */ = {isa = PBXFileReference; fileEncoding = 4; lastKnownFileType = sourcecode.swift; path = FJLeftMenuTVCell.swift; sourceTree = "<group>"; };
		BFB6D0C71EE6965300F2C61F /* FJLeftMenuTVCell.xib */ = {isa = PBXFileReference; fileEncoding = 4; lastKnownFileType = file.xib; path = FJLeftMenuTVCell.xib; sourceTree = "<group>"; };
		BFB6D0C81EE6965300F2C61F /* FJSectionHeadView.swift */ = {isa = PBXFileReference; fileEncoding = 4; lastKnownFileType = sourcecode.swift; path = FJSectionHeadView.swift; sourceTree = "<group>"; };
		BFB6D0C91EE6965300F2C61F /* FJSectionHeadView.xib */ = {isa = PBXFileReference; fileEncoding = 4; lastKnownFileType = file.xib; path = FJSectionHeadView.xib; sourceTree = "<group>"; };
		BFB6D0CA1EE6965300F2C61F /* FJSectionRowHeadView.swift */ = {isa = PBXFileReference; fileEncoding = 4; lastKnownFileType = sourcecode.swift; path = FJSectionRowHeadView.swift; sourceTree = "<group>"; };
		BFB6D0CB1EE6965300F2C61F /* FJSectionRowHeadView.xib */ = {isa = PBXFileReference; fileEncoding = 4; lastKnownFileType = file.xib; path = FJSectionRowHeadView.xib; sourceTree = "<group>"; };
		BFB6D0CC1EE6965300F2C61F /* FJSectionTitleCVCellCell.swift */ = {isa = PBXFileReference; fileEncoding = 4; lastKnownFileType = sourcecode.swift; path = FJSectionTitleCVCellCell.swift; sourceTree = "<group>"; };
		BFB6D0CD1EE6965300F2C61F /* FJSectionTitleCVCellCell.xib */ = {isa = PBXFileReference; fileEncoding = 4; lastKnownFileType = file.xib; path = FJSectionTitleCVCellCell.xib; sourceTree = "<group>"; };
		BFB6D0DF1EE69D4200F2C61F /* KYProductListViewController.swift */ = {isa = PBXFileReference; fileEncoding = 4; lastKnownFileType = sourcecode.swift; path = KYProductListViewController.swift; sourceTree = "<group>"; };
		BFB6D0E11EE69DD700F2C61F /* KYProductListCVCell.swift */ = {isa = PBXFileReference; fileEncoding = 4; lastKnownFileType = sourcecode.swift; path = KYProductListCVCell.swift; sourceTree = "<group>"; };
		BFB6D0E21EE69DD700F2C61F /* KYProductListCVCell.xib */ = {isa = PBXFileReference; fileEncoding = 4; lastKnownFileType = file.xib; path = KYProductListCVCell.xib; sourceTree = "<group>"; };
		BFB6D0E51EE6ADBC00F2C61F /* KYProductListModel.swift */ = {isa = PBXFileReference; fileEncoding = 4; lastKnownFileType = sourcecode.swift; path = KYProductListModel.swift; sourceTree = "<group>"; };
		BFC017301EDF9875005D66B0 /* KYMart.app */ = {isa = PBXFileReference; explicitFileType = wrapper.application; includeInIndex = 0; path = KYMart.app; sourceTree = BUILT_PRODUCTS_DIR; };
		BFC017351EDF9875005D66B0 /* ViewController.swift */ = {isa = PBXFileReference; lastKnownFileType = sourcecode.swift; path = ViewController.swift; sourceTree = "<group>"; };
		BFC017381EDF9875005D66B0 /* Base */ = {isa = PBXFileReference; lastKnownFileType = file.storyboard; name = Base; path = Base.lproj/Main.storyboard; sourceTree = "<group>"; };
		BFC0173A1EDF9875005D66B0 /* Assets.xcassets */ = {isa = PBXFileReference; lastKnownFileType = folder.assetcatalog; path = Assets.xcassets; sourceTree = "<group>"; };
		BFC0173D1EDF9875005D66B0 /* Base */ = {isa = PBXFileReference; lastKnownFileType = file.storyboard; name = Base; path = Base.lproj/LaunchScreen.storyboard; sourceTree = "<group>"; };
		BFC0173F1EDF9875005D66B0 /* Info.plist */ = {isa = PBXFileReference; lastKnownFileType = text.plist.xml; path = Info.plist; sourceTree = "<group>"; };
		BFC017441EDF9875005D66B0 /* KYMartTests.xctest */ = {isa = PBXFileReference; explicitFileType = wrapper.cfbundle; includeInIndex = 0; path = KYMartTests.xctest; sourceTree = BUILT_PRODUCTS_DIR; };
		BFC017481EDF9875005D66B0 /* KYMartTests.swift */ = {isa = PBXFileReference; lastKnownFileType = sourcecode.swift; path = KYMartTests.swift; sourceTree = "<group>"; };
		BFC0174A1EDF9875005D66B0 /* Info.plist */ = {isa = PBXFileReference; lastKnownFileType = text.plist.xml; path = Info.plist; sourceTree = "<group>"; };
		BFC0174F1EDF9875005D66B0 /* KYMartUITests.xctest */ = {isa = PBXFileReference; explicitFileType = wrapper.cfbundle; includeInIndex = 0; path = KYMartUITests.xctest; sourceTree = BUILT_PRODUCTS_DIR; };
		BFC017531EDF9875005D66B0 /* KYMartUITests.swift */ = {isa = PBXFileReference; lastKnownFileType = sourcecode.swift; path = KYMartUITests.swift; sourceTree = "<group>"; };
		BFC017551EDF9875005D66B0 /* Info.plist */ = {isa = PBXFileReference; lastKnownFileType = text.plist.xml; path = Info.plist; sourceTree = "<group>"; };
		BFC017661EDF9AC1005D66B0 /* Color+Extension.swift */ = {isa = PBXFileReference; fileEncoding = 4; lastKnownFileType = sourcecode.swift; path = "Color+Extension.swift"; sourceTree = "<group>"; };
		BFC017671EDF9AC1005D66B0 /* Controller+Extension.swift */ = {isa = PBXFileReference; fileEncoding = 4; lastKnownFileType = sourcecode.swift; path = "Controller+Extension.swift"; sourceTree = "<group>"; };
		BFC017681EDF9AC1005D66B0 /* Object+Extension.swift */ = {isa = PBXFileReference; fileEncoding = 4; lastKnownFileType = sourcecode.swift; path = "Object+Extension.swift"; sourceTree = "<group>"; };
		BFC017691EDF9AC1005D66B0 /* String+Extension.swift */ = {isa = PBXFileReference; fileEncoding = 4; lastKnownFileType = sourcecode.swift; name = "String+Extension.swift"; path = "../../../Category/String+Extension.swift"; sourceTree = "<group>"; };
		BFC017BE1EDF9B95005D66B0 /* AppDelegate.swift */ = {isa = PBXFileReference; fileEncoding = 4; lastKnownFileType = sourcecode.swift; path = AppDelegate.swift; sourceTree = "<group>"; };
		BFC017C31EDF9BCB005D66B0 /* KYMart-Bridging-Header.h */ = {isa = PBXFileReference; lastKnownFileType = sourcecode.c.h; path = "KYMart-Bridging-Header.h"; sourceTree = "<group>"; };
		BFC017C41EDF9BCB005D66B0 /* CeshiViewController.h */ = {isa = PBXFileReference; fileEncoding = 4; lastKnownFileType = sourcecode.c.h; path = CeshiViewController.h; sourceTree = "<group>"; };
		BFC017C51EDF9BCB005D66B0 /* CeshiViewController.m */ = {isa = PBXFileReference; fileEncoding = 4; lastKnownFileType = sourcecode.c.objc; path = CeshiViewController.m; sourceTree = "<group>"; };
		BFC017C81EDF9BD6005D66B0 /* Reachability.h */ = {isa = PBXFileReference; fileEncoding = 4; lastKnownFileType = sourcecode.c.h; path = Reachability.h; sourceTree = "<group>"; };
		BFC017C91EDF9BD6005D66B0 /* Reachability.m */ = {isa = PBXFileReference; fileEncoding = 4; lastKnownFileType = sourcecode.c.objc; path = Reachability.m; sourceTree = "<group>"; };
		BFC017CB1EDF9BD6005D66B0 /* XHToast.swift */ = {isa = PBXFileReference; fileEncoding = 4; lastKnownFileType = sourcecode.swift; path = XHToast.swift; sourceTree = "<group>"; };
		BFC018141EDF9C06005D66B0 /* libsqlite3.0.tbd */ = {isa = PBXFileReference; lastKnownFileType = "sourcecode.text-based-dylib-definition"; name = libsqlite3.0.tbd; path = usr/lib/libsqlite3.0.tbd; sourceTree = SDKROOT; };
		BFC018161EDF9C3D005D66B0 /* libz.tbd */ = {isa = PBXFileReference; lastKnownFileType = "sourcecode.text-based-dylib-definition"; name = libz.tbd; path = usr/lib/libz.tbd; sourceTree = SDKROOT; };
		BFC679051EE5624D00545C2C /* logo.jpg */ = {isa = PBXFileReference; lastKnownFileType = image.jpeg; path = logo.jpg; sourceTree = "<group>"; };
		BFC679061EE5624D00545C2C /* FJSectionController.swift */ = {isa = PBXFileReference; fileEncoding = 4; lastKnownFileType = sourcecode.swift; path = FJSectionController.swift; sourceTree = "<group>"; };
		BFDCB3FD1EE8F3730040A09B /* HXTagAttribute.h */ = {isa = PBXFileReference; fileEncoding = 4; lastKnownFileType = sourcecode.c.h; path = HXTagAttribute.h; sourceTree = "<group>"; };
		BFDCB3FE1EE8F3730040A09B /* HXTagAttribute.m */ = {isa = PBXFileReference; fileEncoding = 4; lastKnownFileType = sourcecode.c.objc; path = HXTagAttribute.m; sourceTree = "<group>"; };
		BFDCB3FF1EE8F3730040A09B /* HXTagCollectionViewCell.h */ = {isa = PBXFileReference; fileEncoding = 4; lastKnownFileType = sourcecode.c.h; path = HXTagCollectionViewCell.h; sourceTree = "<group>"; };
		BFDCB4001EE8F3730040A09B /* HXTagCollectionViewCell.m */ = {isa = PBXFileReference; fileEncoding = 4; lastKnownFileType = sourcecode.c.objc; path = HXTagCollectionViewCell.m; sourceTree = "<group>"; };
		BFDCB4011EE8F3730040A09B /* HXTagCollectionViewFlowLayout.h */ = {isa = PBXFileReference; fileEncoding = 4; lastKnownFileType = sourcecode.c.h; path = HXTagCollectionViewFlowLayout.h; sourceTree = "<group>"; };
		BFDCB4021EE8F3730040A09B /* HXTagCollectionViewFlowLayout.m */ = {isa = PBXFileReference; fileEncoding = 4; lastKnownFileType = sourcecode.c.objc; path = HXTagCollectionViewFlowLayout.m; sourceTree = "<group>"; };
		BFDCB4031EE8F3730040A09B /* HXTagsCell.h */ = {isa = PBXFileReference; fileEncoding = 4; lastKnownFileType = sourcecode.c.h; path = HXTagsCell.h; sourceTree = "<group>"; };
		BFDCB4041EE8F3730040A09B /* HXTagsCell.m */ = {isa = PBXFileReference; fileEncoding = 4; lastKnownFileType = sourcecode.c.objc; path = HXTagsCell.m; sourceTree = "<group>"; };
		BFDCB4051EE8F3730040A09B /* HXTagsView.h */ = {isa = PBXFileReference; fileEncoding = 4; lastKnownFileType = sourcecode.c.h; path = HXTagsView.h; sourceTree = "<group>"; };
		BFDCB4061EE8F3730040A09B /* HXTagsView.m */ = {isa = PBXFileReference; fileEncoding = 4; lastKnownFileType = sourcecode.c.objc; path = HXTagsView.m; sourceTree = "<group>"; };
		BFDCB40C1EE905BD0040A09B /* KYGoodInfoModel.swift */ = {isa = PBXFileReference; fileEncoding = 4; lastKnownFileType = sourcecode.swift; path = KYGoodInfoModel.swift; sourceTree = "<group>"; };
		BFDCB40E1EE912070040A09B /* KYProductInfoTVCell.swift */ = {isa = PBXFileReference; fileEncoding = 4; lastKnownFileType = sourcecode.swift; path = KYProductInfoTVCell.swift; sourceTree = "<group>"; };
		BFDCB40F1EE912070040A09B /* KYProductInfoTVCell.xib */ = {isa = PBXFileReference; fileEncoding = 4; lastKnownFileType = file.xib; path = KYProductInfoTVCell.xib; sourceTree = "<group>"; };
		BFDCB4121EE951AC0040A09B /* KYPropertyFootView.swift */ = {isa = PBXFileReference; fileEncoding = 4; lastKnownFileType = sourcecode.swift; path = KYPropertyFootView.swift; sourceTree = "<group>"; };
		BFDCB4141EE951EA0040A09B /* KYPropertyFootView.xib */ = {isa = PBXFileReference; fileEncoding = 4; lastKnownFileType = file.xib; path = KYPropertyFootView.xib; sourceTree = "<group>"; };
		BFFE0E671EE8367E00621CB0 /* KYProductDetailHomeViewController.swift */ = {isa = PBXFileReference; fileEncoding = 4; lastKnownFileType = sourcecode.swift; path = KYProductDetailHomeViewController.swift; sourceTree = "<group>"; };
		BFFE0E691EE83B8900621CB0 /* KYProductPropertyView.swift */ = {isa = PBXFileReference; fileEncoding = 4; lastKnownFileType = sourcecode.swift; name = KYProductPropertyView.swift; path = Section/Product/Detail/Controller/KYProductPropertyView.swift; sourceTree = SOURCE_ROOT; };
		BFFE0E6B1EE83B9B00621CB0 /* KYProductPropertyView.xib */ = {isa = PBXFileReference; fileEncoding = 4; lastKnownFileType = file.xib; name = KYProductPropertyView.xib; path = Section/Product/Detail/Controller/KYProductPropertyView.xib; sourceTree = SOURCE_ROOT; };
/* End PBXFileReference section */

/* Begin PBXFrameworksBuildPhase section */
		BFC0172D1EDF9875005D66B0 /* Frameworks */ = {
			isa = PBXFrameworksBuildPhase;
			buildActionMask = 2147483647;
			files = (
				BFC018171EDF9C3D005D66B0 /* libz.tbd in Frameworks */,
				BFC018151EDF9C06005D66B0 /* libsqlite3.0.tbd in Frameworks */,
				7F421A4FD87650F1917A05B4 /* Pods_KYMart.framework in Frameworks */,
			);
			runOnlyForDeploymentPostprocessing = 0;
		};
		BFC017411EDF9875005D66B0 /* Frameworks */ = {
			isa = PBXFrameworksBuildPhase;
			buildActionMask = 2147483647;
			files = (
			);
			runOnlyForDeploymentPostprocessing = 0;
		};
		BFC0174C1EDF9875005D66B0 /* Frameworks */ = {
			isa = PBXFrameworksBuildPhase;
			buildActionMask = 2147483647;
			files = (
			);
			runOnlyForDeploymentPostprocessing = 0;
		};
/* End PBXFrameworksBuildPhase section */

/* Begin PBXGroup section */
		357C7D29D9B4C0B5522B7D49 /* Frameworks */ = {
			isa = PBXGroup;
			children = (
				BFC018161EDF9C3D005D66B0 /* libz.tbd */,
				BFC018141EDF9C06005D66B0 /* libsqlite3.0.tbd */,
				73CE343BF70BEFD504900FAC /* Pods_KYMart.framework */,
			);
			name = Frameworks;
			sourceTree = "<group>";
		};
		BF8902F51EE3A1EC004A0FF7 /* SDCycleScrollView */ = {
			isa = PBXGroup;
			children = (
				BF8902F61EE3A1EC004A0FF7 /* PageControl */,
				BF8902FF1EE3A1EC004A0FF7 /* SDCollectionViewCell.h */,
				BF8903001EE3A1EC004A0FF7 /* SDCollectionViewCell.m */,
				BF8903011EE3A1EC004A0FF7 /* SDCycleScrollView.h */,
				BF8903021EE3A1EC004A0FF7 /* SDCycleScrollView.m */,
				BF8903031EE3A1EC004A0FF7 /* UIView+SDExtension.h */,
				BF8903041EE3A1EC004A0FF7 /* UIView+SDExtension.m */,
			);
			path = SDCycleScrollView;
			sourceTree = "<group>";
		};
		BF8902F61EE3A1EC004A0FF7 /* PageControl */ = {
			isa = PBXGroup;
			children = (
				BF8902F71EE3A1EC004A0FF7 /* TAAbstractDotView.h */,
				BF8902F81EE3A1EC004A0FF7 /* TAAbstractDotView.m */,
				BF8902F91EE3A1EC004A0FF7 /* TAAnimatedDotView.h */,
				BF8902FA1EE3A1EC004A0FF7 /* TAAnimatedDotView.m */,
				BF8902FB1EE3A1EC004A0FF7 /* TADotView.h */,
				BF8902FC1EE3A1EC004A0FF7 /* TADotView.m */,
				BF8902FD1EE3A1EC004A0FF7 /* TAPageControl.h */,
				BF8902FE1EE3A1EC004A0FF7 /* TAPageControl.m */,
			);
			path = PageControl;
			sourceTree = "<group>";
		};
		BF89030C1EE3A3D0004A0FF7 /* Cart */ = {
			isa = PBXGroup;
			children = (
				BF89030D1EE3A3D0004A0FF7 /* Controller */,
				BF89030E1EE3A3D0004A0FF7 /* Model */,
				BF89030F1EE3A3D0004A0FF7 /* View */,
			);
			path = Cart;
			sourceTree = "<group>";
		};
		BF89030D1EE3A3D0004A0FF7 /* Controller */ = {
			isa = PBXGroup;
			children = (
			);
			path = Controller;
			sourceTree = "<group>";
		};
		BF89030E1EE3A3D0004A0FF7 /* Model */ = {
			isa = PBXGroup;
			children = (
			);
			path = Model;
			sourceTree = "<group>";
		};
		BF89030F1EE3A3D0004A0FF7 /* View */ = {
			isa = PBXGroup;
			children = (
			);
			path = View;
			sourceTree = "<group>";
		};
		BF8903101EE3A3D0004A0FF7 /* Home */ = {
			isa = PBXGroup;
			children = (
				BF8903681EE43288004A0FF7 /* HorizontalPageFlowLayout */,
				BF8903381EE3B856004A0FF7 /* XLPlainFlowLayout */,
				BF8903111EE3A3D0004A0FF7 /* Controller */,
				BF8903121EE3A3D0004A0FF7 /* Model */,
				BF8903131EE3A3D0004A0FF7 /* View */,
			);
			path = Home;
			sourceTree = "<group>";
		};
		BF8903111EE3A3D0004A0FF7 /* Controller */ = {
			isa = PBXGroup;
			children = (
				BF89032E1EE3A520004A0FF7 /* KYHomeViewController.swift */,
				BF89034A1EE3D672004A0FF7 /* KYHomeLayout.swift */,
			);
			path = Controller;
			sourceTree = "<group>";
		};
		BF8903121EE3A3D0004A0FF7 /* Model */ = {
			isa = PBXGroup;
			children = (
				BFB6D0B21EE63CE200F2C61F /* KYHomeModel.swift */,
			);
			path = Model;
			sourceTree = "<group>";
		};
		BF8903131EE3A3D0004A0FF7 /* View */ = {
			isa = PBXGroup;
			children = (
				BF8903421EE3CBDC004A0FF7 /* KYHomeMenuCVCell.swift */,
				BF8903431EE3CBDC004A0FF7 /* KYHomeMenuCVCell.xib */,
				BF8903461EE3CE80004A0FF7 /* KYHomeHeadView.swift */,
				BF8903471EE3CE80004A0FF7 /* KYHomeHeadView.xib */,
				BF89034E1EE4038D004A0FF7 /* KYHomeSecKillCVCell.swift */,
				BF89034F1EE4038D004A0FF7 /* KYHomeSecKillCVCell.xib */,
				BF8903561EE41D46004A0FF7 /* KYHomeSallHeadView.swift */,
				BF8903571EE41D46004A0FF7 /* KYHomeSallHeadView.xib */,
				BF8903621EE42EB5004A0FF7 /* KYProductScrollCVCell.swift */,
				BF8903631EE42EB5004A0FF7 /* KYProductScrollCVCell.xib */,
				BF335E351EE57CB1002358C1 /* KYProductCVCell.swift */,
				BF335E361EE57CB1002358C1 /* KYProductCVCell.xib */,
				BF89036C1EE44915004A0FF7 /* KYHomeFootView.swift */,
				BF89036D1EE44915004A0FF7 /* KYHomeFootView.xib */,
				BF335E391EE58033002358C1 /* KYProductHeadView.swift */,
				BF335E3A1EE58033002358C1 /* KYProductHeadView.xib */,
			);
			path = View;
			sourceTree = "<group>";
		};
		BF8903141EE3A3D0004A0FF7 /* Main */ = {
			isa = PBXGroup;
			children = (
				BF8903151EE3A3D0004A0FF7 /* Controller */,
				BF8903161EE3A3D0004A0FF7 /* Model */,
				BF8903171EE3A3D0004A0FF7 /* View */,
			);
			path = Main;
			sourceTree = "<group>";
		};
		BF8903151EE3A3D0004A0FF7 /* Controller */ = {
			isa = PBXGroup;
			children = (
				BF8903281EE3A4E1004A0FF7 /* MainTabBarViewController.swift */,
				BF89032A1EE3A4F1004A0FF7 /* BaseViewController.swift */,
				BF89032C1EE3A4FD004A0FF7 /* BaseNavViewController.swift */,
			);
			path = Controller;
			sourceTree = "<group>";
		};
		BF8903161EE3A3D0004A0FF7 /* Model */ = {
			isa = PBXGroup;
			children = (
			);
			path = Model;
			sourceTree = "<group>";
		};
		BF8903171EE3A3D0004A0FF7 /* View */ = {
			isa = PBXGroup;
			children = (
			);
			path = View;
			sourceTree = "<group>";
		};
		BF8903181EE3A3D0004A0FF7 /* Mine */ = {
			isa = PBXGroup;
			children = (
				BF8903191EE3A3D0004A0FF7 /* Controller */,
				BF89031A1EE3A3D0004A0FF7 /* Model */,
				BF89031B1EE3A3D0004A0FF7 /* View */,
			);
			path = Mine;
			sourceTree = "<group>";
		};
		BF8903191EE3A3D0004A0FF7 /* Controller */ = {
			isa = PBXGroup;
			children = (
			);
			path = Controller;
			sourceTree = "<group>";
		};
		BF89031A1EE3A3D0004A0FF7 /* Model */ = {
			isa = PBXGroup;
			children = (
			);
			path = Model;
			sourceTree = "<group>";
		};
		BF89031B1EE3A3D0004A0FF7 /* View */ = {
			isa = PBXGroup;
			children = (
			);
			path = View;
			sourceTree = "<group>";
		};
		BF89031C1EE3A3D0004A0FF7 /* Section */ = {
			isa = PBXGroup;
			children = (
				BF89031D1EE3A3D0004A0FF7 /* Controller */,
				BF89031E1EE3A3D0004A0FF7 /* Model */,
				BF89031F1EE3A3D0004A0FF7 /* View */,
			);
			path = Section;
			sourceTree = "<group>";
		};
		BF89031D1EE3A3D0004A0FF7 /* Controller */ = {
			isa = PBXGroup;
			children = (
				BFC679051EE5624D00545C2C /* logo.jpg */,
				BFC679061EE5624D00545C2C /* FJSectionController.swift */,
			);
			path = Controller;
			sourceTree = "<group>";
		};
		BF89031E1EE3A3D0004A0FF7 /* Model */ = {
			isa = PBXGroup;
			children = (
				BFB6D0B41EE6913400F2C61F /* FJSectionModel.swift */,
				BFB6D0B61EE6918A00F2C61F /* FJSubSectionModel.swift */,
			);
			path = Model;
			sourceTree = "<group>";
		};
		BF89031F1EE3A3D0004A0FF7 /* View */ = {
			isa = PBXGroup;
			children = (
				BFB6D0C61EE6965300F2C61F /* FJLeftMenuTVCell.swift */,
				BFB6D0C71EE6965300F2C61F /* FJLeftMenuTVCell.xib */,
				BFB6D0C81EE6965300F2C61F /* FJSectionHeadView.swift */,
				BFB6D0C91EE6965300F2C61F /* FJSectionHeadView.xib */,
				BFB6D0CA1EE6965300F2C61F /* FJSectionRowHeadView.swift */,
				BFB6D0CB1EE6965300F2C61F /* FJSectionRowHeadView.xib */,
				BFB6D0CC1EE6965300F2C61F /* FJSectionTitleCVCellCell.swift */,
				BFB6D0CD1EE6965300F2C61F /* FJSectionTitleCVCellCell.xib */,
			);
			path = View;
			sourceTree = "<group>";
		};
		BF8903381EE3B856004A0FF7 /* XLPlainFlowLayout */ = {
			isa = PBXGroup;
			children = (
				BFC017691EDF9AC1005D66B0 /* String+Extension.swift */,
				BF8903391EE3B856004A0FF7 /* XLPlainFlowLayout.h */,
				BF89033A1EE3B856004A0FF7 /* XLPlainFlowLayout.m */,
			);
			path = XLPlainFlowLayout;
			sourceTree = "<group>";
		};
		BF8903681EE43288004A0FF7 /* HorizontalPageFlowLayout */ = {
			isa = PBXGroup;
			children = (
				BF8903691EE43288004A0FF7 /* HorizontalPageFlowlayout.h */,
				BF89036A1EE43288004A0FF7 /* HorizontalPageFlowlayout.m */,
			);
			path = HorizontalPageFlowLayout;
			sourceTree = "<group>";
		};
		BFB5C83F1EEA625E00BFFDE5 /* LogAndReg */ = {
			isa = PBXGroup;
			children = (
				BFB5C8401EEA625E00BFFDE5 /* Controller */,
				BFB5C8451EEA625E00BFFDE5 /* Model */,
				BFB5C8461EEA625E00BFFDE5 /* View */,
			);
			path = LogAndReg;
			sourceTree = "<group>";
		};
		BFB5C8401EEA625E00BFFDE5 /* Controller */ = {
			isa = PBXGroup;
			children = (
				BFB5C8411EEA625E00BFFDE5 /* SJBForgetViewController.swift */,
				BFB5C8421EEA625E00BFFDE5 /* SJBLoginViewController.swift */,
				BFB5C8431EEA625E00BFFDE5 /* SJBRegisterViewController.swift */,
				BFB5C8441EEA625E00BFFDE5 /* SJBResetPassViewController.swift */,
			);
			path = Controller;
			sourceTree = "<group>";
		};
		BFB5C8451EEA625E00BFFDE5 /* Model */ = {
			isa = PBXGroup;
			children = (
			);
			path = Model;
			sourceTree = "<group>";
		};
		BFB5C8461EEA625E00BFFDE5 /* View */ = {
			isa = PBXGroup;
			children = (
			);
			path = View;
			sourceTree = "<group>";
		};
		BFB6D0AB1EE63C1600F2C61F /* Request */ = {
			isa = PBXGroup;
			children = (
				BFB6D0AC1EE63C1600F2C61F /* SJBRequest.swift */,
				BFB6D0AD1EE63C1600F2C61F /* SJBRequestModel.swift */,
				BFB6D0AE1EE63C1600F2C61F /* SJBRequestUrl.swift */,
			);
			path = Request;
			sourceTree = "<group>";
		};
		BFB6D0D61EE69D1A00F2C61F /* Product */ = {
			isa = PBXGroup;
			children = (
				BFB6D0DB1EE69D1A00F2C61F /* List */,
				BFB6D0D71EE69D1A00F2C61F /* Detail */,
			);
			path = Product;
			sourceTree = "<group>";
		};
		BFB6D0D71EE69D1A00F2C61F /* Detail */ = {
			isa = PBXGroup;
			children = (
				BFB6D0D81EE69D1A00F2C61F /* Controller */,
				BFB6D0D91EE69D1A00F2C61F /* Model */,
				BFB6D0DA1EE69D1A00F2C61F /* View */,
			);
			path = Detail;
			sourceTree = "<group>";
		};
		BFB6D0D81EE69D1A00F2C61F /* Controller */ = {
			isa = PBXGroup;
			children = (
				BF9B74BA1EE7AA6800322E2C /* KYProductDetailViewController.swift */,
				BFFE0E671EE8367E00621CB0 /* KYProductDetailHomeViewController.swift */,
			);
			path = Controller;
			sourceTree = "<group>";
		};
		BFB6D0D91EE69D1A00F2C61F /* Model */ = {
			isa = PBXGroup;
			children = (
				BFDCB40C1EE905BD0040A09B /* KYGoodInfoModel.swift */,
			);
			path = Model;
			sourceTree = "<group>";
		};
		BFB6D0DA1EE69D1A00F2C61F /* View */ = {
			isa = PBXGroup;
			children = (
				BFDCB3FC1EE8F3730040A09B /* TagView */,
				BFB5C8371EEA26F800BFFDE5 /* HXTagCustomeCell.swift */,
				BFFE0E691EE83B8900621CB0 /* KYProductPropertyView.swift */,
				BFFE0E6B1EE83B9B00621CB0 /* KYProductPropertyView.xib */,
				BFDCB4121EE951AC0040A09B /* KYPropertyFootView.swift */,
				BFDCB4141EE951EA0040A09B /* KYPropertyFootView.xib */,
				BFA1C2B01EE977840072C04D /* KYPropertyHeadView.swift */,
				BFA1C2B21EE977950072C04D /* KYPropertyHeadView.xib */,
				BFDCB40E1EE912070040A09B /* KYProductInfoTVCell.swift */,
				BFDCB40F1EE912070040A09B /* KYProductInfoTVCell.xib */,
			);
			path = View;
			sourceTree = "<group>";
		};
		BFB6D0DB1EE69D1A00F2C61F /* List */ = {
			isa = PBXGroup;
			children = (
				BFB6D0DC1EE69D1A00F2C61F /* Controller */,
				BFB6D0DD1EE69D1A00F2C61F /* Model */,
				BFB6D0DE1EE69D1A00F2C61F /* View */,
			);
			path = List;
			sourceTree = "<group>";
		};
		BFB6D0DC1EE69D1A00F2C61F /* Controller */ = {
			isa = PBXGroup;
			children = (
				BFB6D0DF1EE69D4200F2C61F /* KYProductListViewController.swift */,
			);
			path = Controller;
			sourceTree = "<group>";
		};
		BFB6D0DD1EE69D1A00F2C61F /* Model */ = {
			isa = PBXGroup;
			children = (
				BFB6D0E51EE6ADBC00F2C61F /* KYProductListModel.swift */,
			);
			path = Model;
			sourceTree = "<group>";
		};
		BFB6D0DE1EE69D1A00F2C61F /* View */ = {
			isa = PBXGroup;
			children = (
				BFB6D0E11EE69DD700F2C61F /* KYProductListCVCell.swift */,
				BFB6D0E21EE69DD700F2C61F /* KYProductListCVCell.xib */,
				BF9B74B61EE782FC00322E2C /* KYProductMenuView.swift */,
				BF9B74B81EE7830800322E2C /* KYProductMenuView.xib */,
			);
			path = View;
			sourceTree = "<group>";
		};
		BFC017271EDF9875005D66B0 = {
			isa = PBXGroup;
			children = (
				BFC017BD1EDF9B95005D66B0 /* AppDelegate */,
				BFC017611EDF9AB1005D66B0 /* Resource */,
				BFC017621EDF9AB1005D66B0 /* Util */,
				BFC017631EDF9AB1005D66B0 /* Vender */,
				BFC017641EDF9AB1005D66B0 /* Section */,
				BFC017651EDF9AB1005D66B0 /* Category */,
				BFC017321EDF9875005D66B0 /* KYMart */,
				BFC017471EDF9875005D66B0 /* KYMartTests */,
				BFC017521EDF9875005D66B0 /* KYMartUITests */,
				BFC017311EDF9875005D66B0 /* Products */,
				FD97331C6EF265EAAD8A6C44 /* Pods */,
				357C7D29D9B4C0B5522B7D49 /* Frameworks */,
			);
			sourceTree = "<group>";
		};
		BFC017311EDF9875005D66B0 /* Products */ = {
			isa = PBXGroup;
			children = (
				BFC017301EDF9875005D66B0 /* KYMart.app */,
				BFC017441EDF9875005D66B0 /* KYMartTests.xctest */,
				BFC0174F1EDF9875005D66B0 /* KYMartUITests.xctest */,
			);
			name = Products;
			sourceTree = "<group>";
		};
		BFC017321EDF9875005D66B0 /* KYMart */ = {
			isa = PBXGroup;
			children = (
				BFC017351EDF9875005D66B0 /* ViewController.swift */,
				BFC017371EDF9875005D66B0 /* Main.storyboard */,
				BFC0173A1EDF9875005D66B0 /* Assets.xcassets */,
				BFC0173C1EDF9875005D66B0 /* LaunchScreen.storyboard */,
				BFC0173F1EDF9875005D66B0 /* Info.plist */,
			);
			path = KYMart;
			sourceTree = "<group>";
		};
		BFC017471EDF9875005D66B0 /* KYMartTests */ = {
			isa = PBXGroup;
			children = (
				BFC017481EDF9875005D66B0 /* KYMartTests.swift */,
				BFC0174A1EDF9875005D66B0 /* Info.plist */,
			);
			path = KYMartTests;
			sourceTree = "<group>";
		};
		BFC017521EDF9875005D66B0 /* KYMartUITests */ = {
			isa = PBXGroup;
			children = (
				BFC017531EDF9875005D66B0 /* KYMartUITests.swift */,
				BFC017551EDF9875005D66B0 /* Info.plist */,
			);
			path = KYMartUITests;
			sourceTree = "<group>";
		};
		BFC017611EDF9AB1005D66B0 /* Resource */ = {
			isa = PBXGroup;
			children = (
				BF8903341EE3B055004A0FF7 /* 1.jpg */,
				BF8903351EE3B055004A0FF7 /* 2.jpg */,
				BF8903521EE40879004A0FF7 /* goods_thumb_1_400_400.jpeg */,
			);
			path = Resource;
			sourceTree = "<group>";
		};
		BFC017621EDF9AB1005D66B0 /* Util */ = {
			isa = PBXGroup;
			children = (
				BFB5C84B1EEA661F00BFFDE5 /* SJBCountDown.swift */,
				BFB6D0AB1EE63C1600F2C61F /* Request */,
			);
			path = Util;
			sourceTree = "<group>";
		};
		BFC017631EDF9AB1005D66B0 /* Vender */ = {
			isa = PBXGroup;
			children = (
				BF8902F51EE3A1EC004A0FF7 /* SDCycleScrollView */,
				BFC017C71EDF9BD6005D66B0 /* Reachability */,
				BFC017CA1EDF9BD6005D66B0 /* XHToastSwift */,
			);
			path = Vender;
			sourceTree = "<group>";
		};
		BFC017641EDF9AB1005D66B0 /* Section */ = {
			isa = PBXGroup;
			children = (
				BFB5C83F1EEA625E00BFFDE5 /* LogAndReg */,
				BF89030C1EE3A3D0004A0FF7 /* Cart */,
				BF8903101EE3A3D0004A0FF7 /* Home */,
				BF8903141EE3A3D0004A0FF7 /* Main */,
				BF8903181EE3A3D0004A0FF7 /* Mine */,
				BF89031C1EE3A3D0004A0FF7 /* Section */,
				BFB6D0D61EE69D1A00F2C61F /* Product */,
			);
			path = Section;
			sourceTree = "<group>";
		};
		BFC017651EDF9AB1005D66B0 /* Category */ = {
			isa = PBXGroup;
			children = (
				BFC017661EDF9AC1005D66B0 /* Color+Extension.swift */,
				BFC017671EDF9AC1005D66B0 /* Controller+Extension.swift */,
				BFC017681EDF9AC1005D66B0 /* Object+Extension.swift */,
				BF8903541EE4176D004A0FF7 /* View+Extension.swift */,
			);
			path = Category;
			sourceTree = "<group>";
		};
		BFC017BD1EDF9B95005D66B0 /* AppDelegate */ = {
			isa = PBXGroup;
			children = (
				BFC017BE1EDF9B95005D66B0 /* AppDelegate.swift */,
				BF8903301EE3AAEC004A0FF7 /* Common.swift */,
				BF8903321EE3AAF5004A0FF7 /* SingleManager.swift */,
				BFC017C41EDF9BCB005D66B0 /* CeshiViewController.h */,
				BFC017C51EDF9BCB005D66B0 /* CeshiViewController.m */,
				BFC017C31EDF9BCB005D66B0 /* KYMart-Bridging-Header.h */,
			);
			path = AppDelegate;
			sourceTree = "<group>";
		};
		BFC017C71EDF9BD6005D66B0 /* Reachability */ = {
			isa = PBXGroup;
			children = (
				BFC017C81EDF9BD6005D66B0 /* Reachability.h */,
				BFC017C91EDF9BD6005D66B0 /* Reachability.m */,
			);
			path = Reachability;
			sourceTree = "<group>";
		};
		BFC017CA1EDF9BD6005D66B0 /* XHToastSwift */ = {
			isa = PBXGroup;
			children = (
				BFC017CB1EDF9BD6005D66B0 /* XHToast.swift */,
			);
			path = XHToastSwift;
			sourceTree = "<group>";
		};
		BFDCB3FC1EE8F3730040A09B /* TagView */ = {
			isa = PBXGroup;
			children = (
				BFDCB3FD1EE8F3730040A09B /* HXTagAttribute.h */,
				BFDCB3FE1EE8F3730040A09B /* HXTagAttribute.m */,
				BFDCB3FF1EE8F3730040A09B /* HXTagCollectionViewCell.h */,
				BFDCB4001EE8F3730040A09B /* HXTagCollectionViewCell.m */,
				BFDCB4011EE8F3730040A09B /* HXTagCollectionViewFlowLayout.h */,
				BFDCB4021EE8F3730040A09B /* HXTagCollectionViewFlowLayout.m */,
				BFDCB4031EE8F3730040A09B /* HXTagsCell.h */,
				BFDCB4041EE8F3730040A09B /* HXTagsCell.m */,
				BFDCB4051EE8F3730040A09B /* HXTagsView.h */,
				BFDCB4061EE8F3730040A09B /* HXTagsView.m */,
			);
			path = TagView;
			sourceTree = "<group>";
		};
		FD97331C6EF265EAAD8A6C44 /* Pods */ = {
			isa = PBXGroup;
			children = (
				01CB4B724B5560F7C7F4E1F7 /* Pods-KYMart.debug.xcconfig */,
				8B9F43A844CFA121A5EE4CB5 /* Pods-KYMart.release.xcconfig */,
			);
			name = Pods;
			sourceTree = "<group>";
		};
/* End PBXGroup section */

/* Begin PBXNativeTarget section */
		BFC0172F1EDF9875005D66B0 /* KYMart */ = {
			isa = PBXNativeTarget;
			buildConfigurationList = BFC017581EDF9875005D66B0 /* Build configuration list for PBXNativeTarget "KYMart" */;
			buildPhases = (
				77357940A3F5E85583091193 /* [CP] Check Pods Manifest.lock */,
				BFC0172C1EDF9875005D66B0 /* Sources */,
				BFC0172D1EDF9875005D66B0 /* Frameworks */,
				BFC0172E1EDF9875005D66B0 /* Resources */,
				B4EB6AF2D180E82F823C211C /* [CP] Embed Pods Frameworks */,
				F8FFC87E4C319E598BE6B455 /* [CP] Copy Pods Resources */,
			);
			buildRules = (
			);
			dependencies = (
			);
			name = KYMart;
			productName = KYMart;
			productReference = BFC017301EDF9875005D66B0 /* KYMart.app */;
			productType = "com.apple.product-type.application";
		};
		BFC017431EDF9875005D66B0 /* KYMartTests */ = {
			isa = PBXNativeTarget;
			buildConfigurationList = BFC0175B1EDF9875005D66B0 /* Build configuration list for PBXNativeTarget "KYMartTests" */;
			buildPhases = (
				BFC017401EDF9875005D66B0 /* Sources */,
				BFC017411EDF9875005D66B0 /* Frameworks */,
				BFC017421EDF9875005D66B0 /* Resources */,
			);
			buildRules = (
			);
			dependencies = (
				BFC017461EDF9875005D66B0 /* PBXTargetDependency */,
			);
			name = KYMartTests;
			productName = KYMartTests;
			productReference = BFC017441EDF9875005D66B0 /* KYMartTests.xctest */;
			productType = "com.apple.product-type.bundle.unit-test";
		};
		BFC0174E1EDF9875005D66B0 /* KYMartUITests */ = {
			isa = PBXNativeTarget;
			buildConfigurationList = BFC0175E1EDF9875005D66B0 /* Build configuration list for PBXNativeTarget "KYMartUITests" */;
			buildPhases = (
				BFC0174B1EDF9875005D66B0 /* Sources */,
				BFC0174C1EDF9875005D66B0 /* Frameworks */,
				BFC0174D1EDF9875005D66B0 /* Resources */,
			);
			buildRules = (
			);
			dependencies = (
				BFC017511EDF9875005D66B0 /* PBXTargetDependency */,
			);
			name = KYMartUITests;
			productName = KYMartUITests;
			productReference = BFC0174F1EDF9875005D66B0 /* KYMartUITests.xctest */;
			productType = "com.apple.product-type.bundle.ui-testing";
		};
/* End PBXNativeTarget section */

/* Begin PBXProject section */
		BFC017281EDF9875005D66B0 /* Project object */ = {
			isa = PBXProject;
			attributes = {
				LastSwiftUpdateCheck = 0830;
				LastUpgradeCheck = 0830;
				ORGANIZATIONNAME = JUN;
				TargetAttributes = {
					BFC0172F1EDF9875005D66B0 = {
						CreatedOnToolsVersion = 8.3.2;
						LastSwiftMigration = 0830;
						ProvisioningStyle = Automatic;
					};
					BFC017431EDF9875005D66B0 = {
						CreatedOnToolsVersion = 8.3.2;
						ProvisioningStyle = Automatic;
						TestTargetID = BFC0172F1EDF9875005D66B0;
					};
					BFC0174E1EDF9875005D66B0 = {
						CreatedOnToolsVersion = 8.3.2;
						ProvisioningStyle = Automatic;
						TestTargetID = BFC0172F1EDF9875005D66B0;
					};
				};
			};
			buildConfigurationList = BFC0172B1EDF9875005D66B0 /* Build configuration list for PBXProject "KYMart" */;
			compatibilityVersion = "Xcode 3.2";
			developmentRegion = English;
			hasScannedForEncodings = 0;
			knownRegions = (
				en,
				Base,
			);
			mainGroup = BFC017271EDF9875005D66B0;
			productRefGroup = BFC017311EDF9875005D66B0 /* Products */;
			projectDirPath = "";
			projectRoot = "";
			targets = (
				BFC0172F1EDF9875005D66B0 /* KYMart */,
				BFC017431EDF9875005D66B0 /* KYMartTests */,
				BFC0174E1EDF9875005D66B0 /* KYMartUITests */,
			);
		};
/* End PBXProject section */

/* Begin PBXResourcesBuildPhase section */
		BFC0172E1EDF9875005D66B0 /* Resources */ = {
			isa = PBXResourcesBuildPhase;
			buildActionMask = 2147483647;
			files = (
				BF335E381EE57CB1002358C1 /* KYProductCVCell.xib in Resources */,
				BF8903651EE42EB5004A0FF7 /* KYProductScrollCVCell.xib in Resources */,
				BFB6D0E41EE69DD700F2C61F /* KYProductListCVCell.xib in Resources */,
				BFB6D0D51EE6965300F2C61F /* FJSectionTitleCVCellCell.xib in Resources */,
				BFB6D0CF1EE6965300F2C61F /* FJLeftMenuTVCell.xib in Resources */,
				BFB6D0D31EE6965300F2C61F /* FJSectionRowHeadView.xib in Resources */,
				BFC0173E1EDF9875005D66B0 /* LaunchScreen.storyboard in Resources */,
				BF8903451EE3CBDC004A0FF7 /* KYHomeMenuCVCell.xib in Resources */,
				BF8903361EE3B055004A0FF7 /* 1.jpg in Resources */,
				BF8903371EE3B055004A0FF7 /* 2.jpg in Resources */,
				BF9B74B91EE7830800322E2C /* KYProductMenuView.xib in Resources */,
				BFC0173B1EDF9875005D66B0 /* Assets.xcassets in Resources */,
				BF8903511EE4038D004A0FF7 /* KYHomeSecKillCVCell.xib in Resources */,
				BFFE0E6C1EE83B9B00621CB0 /* KYProductPropertyView.xib in Resources */,
				BF8903531EE40879004A0FF7 /* goods_thumb_1_400_400.jpeg in Resources */,
				BFDCB4111EE912070040A09B /* KYProductInfoTVCell.xib in Resources */,
				BF8903591EE41D47004A0FF7 /* KYHomeSallHeadView.xib in Resources */,
				BF335E3C1EE58033002358C1 /* KYProductHeadView.xib in Resources */,
				BFC017391EDF9875005D66B0 /* Main.storyboard in Resources */,
				BFDCB4151EE951EA0040A09B /* KYPropertyFootView.xib in Resources */,
				BFA1C2B31EE977950072C04D /* KYPropertyHeadView.xib in Resources */,
				BF8903491EE3CE80004A0FF7 /* KYHomeHeadView.xib in Resources */,
				BFC6790D1EE5624D00545C2C /* logo.jpg in Resources */,
				BFB6D0D11EE6965300F2C61F /* FJSectionHeadView.xib in Resources */,
				BF89036F1EE44915004A0FF7 /* KYHomeFootView.xib in Resources */,
			);
			runOnlyForDeploymentPostprocessing = 0;
		};
		BFC017421EDF9875005D66B0 /* Resources */ = {
			isa = PBXResourcesBuildPhase;
			buildActionMask = 2147483647;
			files = (
			);
			runOnlyForDeploymentPostprocessing = 0;
		};
		BFC0174D1EDF9875005D66B0 /* Resources */ = {
			isa = PBXResourcesBuildPhase;
			buildActionMask = 2147483647;
			files = (
			);
			runOnlyForDeploymentPostprocessing = 0;
		};
/* End PBXResourcesBuildPhase section */

/* Begin PBXShellScriptBuildPhase section */
		77357940A3F5E85583091193 /* [CP] Check Pods Manifest.lock */ = {
			isa = PBXShellScriptBuildPhase;
			buildActionMask = 2147483647;
			files = (
			);
			inputPaths = (
			);
			name = "[CP] Check Pods Manifest.lock";
			outputPaths = (
			);
			runOnlyForDeploymentPostprocessing = 0;
			shellPath = /bin/sh;
			shellScript = "diff \"${PODS_PODFILE_DIR_PATH}/Podfile.lock\" \"${PODS_ROOT}/Manifest.lock\" > /dev/null\nif [ $? != 0 ] ; then\n    # print error to STDERR\n    echo \"error: The sandbox is not in sync with the Podfile.lock. Run 'pod install' or update your CocoaPods installation.\" >&2\n    exit 1\nfi\n";
			showEnvVarsInLog = 0;
		};
		B4EB6AF2D180E82F823C211C /* [CP] Embed Pods Frameworks */ = {
			isa = PBXShellScriptBuildPhase;
			buildActionMask = 2147483647;
			files = (
			);
			inputPaths = (
			);
			name = "[CP] Embed Pods Frameworks";
			outputPaths = (
			);
			runOnlyForDeploymentPostprocessing = 0;
			shellPath = /bin/sh;
			shellScript = "\"${SRCROOT}/Pods/Target Support Files/Pods-KYMart/Pods-KYMart-frameworks.sh\"\n";
			showEnvVarsInLog = 0;
		};
		F8FFC87E4C319E598BE6B455 /* [CP] Copy Pods Resources */ = {
			isa = PBXShellScriptBuildPhase;
			buildActionMask = 2147483647;
			files = (
			);
			inputPaths = (
			);
			name = "[CP] Copy Pods Resources";
			outputPaths = (
			);
			runOnlyForDeploymentPostprocessing = 0;
			shellPath = /bin/sh;
			shellScript = "\"${SRCROOT}/Pods/Target Support Files/Pods-KYMart/Pods-KYMart-resources.sh\"\n";
			showEnvVarsInLog = 0;
		};
/* End PBXShellScriptBuildPhase section */

/* Begin PBXSourcesBuildPhase section */
		BFC0172C1EDF9875005D66B0 /* Sources */ = {
			isa = PBXSourcesBuildPhase;
			buildActionMask = 2147483647;
			files = (
				BFC017C61EDF9BCB005D66B0 /* CeshiViewController.m in Sources */,
				BF8903071EE3A1EC004A0FF7 /* TADotView.m in Sources */,
				BF89033B1EE3B856004A0FF7 /* XLPlainFlowLayout.m in Sources */,
				BFB5C8381EEA26F800BFFDE5 /* HXTagCustomeCell.swift in Sources */,
				BFDCB4101EE912070040A09B /* KYProductInfoTVCell.swift in Sources */,
				BF8903641EE42EB5004A0FF7 /* KYProductScrollCVCell.swift in Sources */,
				BFB6D0B51EE6913400F2C61F /* FJSectionModel.swift in Sources */,
				BF335E371EE57CB1002358C1 /* KYProductCVCell.swift in Sources */,
				BF335E3B1EE58033002358C1 /* KYProductHeadView.swift in Sources */,
				BFA1C2B11EE977840072C04D /* KYPropertyHeadView.swift in Sources */,
				BFB5C84C1EEA661F00BFFDE5 /* SJBCountDown.swift in Sources */,
				BFDCB4081EE8F3730040A09B /* HXTagCollectionViewCell.m in Sources */,
				BFB6D0E31EE69DD700F2C61F /* KYProductListCVCell.swift in Sources */,
				BF8903051EE3A1EC004A0FF7 /* TAAbstractDotView.m in Sources */,
				BF9B74BB1EE7AA6800322E2C /* KYProductDetailViewController.swift in Sources */,
				BFB5C8481EEA625E00BFFDE5 /* SJBLoginViewController.swift in Sources */,
				BFDCB4091EE8F3730040A09B /* HXTagCollectionViewFlowLayout.m in Sources */,
				BFB6D0B31EE63CE200F2C61F /* KYHomeModel.swift in Sources */,
				BF8903291EE3A4E1004A0FF7 /* MainTabBarViewController.swift in Sources */,
				BFB6D0B11EE63C1600F2C61F /* SJBRequestUrl.swift in Sources */,
				BFC017361EDF9875005D66B0 /* ViewController.swift in Sources */,
				BF9B74B71EE782FC00322E2C /* KYProductMenuView.swift in Sources */,
				BF89032B1EE3A4F1004A0FF7 /* BaseViewController.swift in Sources */,
				BF89032D1EE3A4FD004A0FF7 /* BaseNavViewController.swift in Sources */,
				BFB6D0E61EE6ADBC00F2C61F /* KYProductListModel.swift in Sources */,
				BFB6D0D21EE6965300F2C61F /* FJSectionRowHeadView.swift in Sources */,
				BF8903581EE41D47004A0FF7 /* KYHomeSallHeadView.swift in Sources */,
				BF89030A1EE3A1EC004A0FF7 /* SDCycleScrollView.m in Sources */,
				BFDCB4071EE8F3730040A09B /* HXTagAttribute.m in Sources */,
				BF8903441EE3CBDC004A0FF7 /* KYHomeMenuCVCell.swift in Sources */,
				BFB5C8491EEA625E00BFFDE5 /* SJBRegisterViewController.swift in Sources */,
				BF89036B1EE43288004A0FF7 /* HorizontalPageFlowlayout.m in Sources */,
				BFC017FD1EDF9BD6005D66B0 /* Reachability.m in Sources */,
				BFC017BF1EDF9B95005D66B0 /* AppDelegate.swift in Sources */,
				BF89036E1EE44915004A0FF7 /* KYHomeFootView.swift in Sources */,
				BFDCB40A1EE8F3730040A09B /* HXTagsCell.m in Sources */,
				BF89030B1EE3A1EC004A0FF7 /* UIView+SDExtension.m in Sources */,
				BFB5C84A1EEA625E00BFFDE5 /* SJBResetPassViewController.swift in Sources */,
				BF8903081EE3A1EC004A0FF7 /* TAPageControl.m in Sources */,
				BFDCB40B1EE8F3730040A09B /* HXTagsView.m in Sources */,
				BFB6D0B01EE63C1600F2C61F /* SJBRequestModel.swift in Sources */,
				BFC0176B1EDF9AC1005D66B0 /* Controller+Extension.swift in Sources */,
				BF8903331EE3AAF5004A0FF7 /* SingleManager.swift in Sources */,
				BFC6790E1EE5624D00545C2C /* FJSectionController.swift in Sources */,
				BF8903311EE3AAEC004A0FF7 /* Common.swift in Sources */,
				BFB6D0CE1EE6965300F2C61F /* FJLeftMenuTVCell.swift in Sources */,
				BFB6D0AF1EE63C1600F2C61F /* SJBRequest.swift in Sources */,
				BFC0176C1EDF9AC1005D66B0 /* Object+Extension.swift in Sources */,
				BF8903501EE4038D004A0FF7 /* KYHomeSecKillCVCell.swift in Sources */,
				BFDCB40D1EE905BD0040A09B /* KYGoodInfoModel.swift in Sources */,
				BF8903091EE3A1EC004A0FF7 /* SDCollectionViewCell.m in Sources */,
				BF8903481EE3CE80004A0FF7 /* KYHomeHeadView.swift in Sources */,
				BFFE0E6A1EE83B8900621CB0 /* KYProductPropertyView.swift in Sources */,
				BF89034B1EE3D672004A0FF7 /* KYHomeLayout.swift in Sources */,
				BFFE0E681EE8367E00621CB0 /* KYProductDetailHomeViewController.swift in Sources */,
				BFB6D0E01EE69D4200F2C61F /* KYProductListViewController.swift in Sources */,
				BF89032F1EE3A520004A0FF7 /* KYHomeViewController.swift in Sources */,
				BFC0176A1EDF9AC1005D66B0 /* Color+Extension.swift in Sources */,
				BFC017FE1EDF9BD6005D66B0 /* XHToast.swift in Sources */,
				BFB6D0D41EE6965300F2C61F /* FJSectionTitleCVCellCell.swift in Sources */,
				BFB5C8471EEA625E00BFFDE5 /* SJBForgetViewController.swift in Sources */,
				BFC0176D1EDF9AC1005D66B0 /* String+Extension.swift in Sources */,
				BFDCB4131EE951AC0040A09B /* KYPropertyFootView.swift in Sources */,
				BFB6D0D01EE6965300F2C61F /* FJSectionHeadView.swift in Sources */,
				BF8903551EE4176D004A0FF7 /* View+Extension.swift in Sources */,
				BF8903061EE3A1EC004A0FF7 /* TAAnimatedDotView.m in Sources */,
				BFB6D0B71EE6918A00F2C61F /* FJSubSectionModel.swift in Sources */,
			);
			runOnlyForDeploymentPostprocessing = 0;
		};
		BFC017401EDF9875005D66B0 /* Sources */ = {
			isa = PBXSourcesBuildPhase;
			buildActionMask = 2147483647;
			files = (
				BFC017491EDF9875005D66B0 /* KYMartTests.swift in Sources */,
			);
			runOnlyForDeploymentPostprocessing = 0;
		};
		BFC0174B1EDF9875005D66B0 /* Sources */ = {
			isa = PBXSourcesBuildPhase;
			buildActionMask = 2147483647;
			files = (
				BFC017541EDF9875005D66B0 /* KYMartUITests.swift in Sources */,
			);
			runOnlyForDeploymentPostprocessing = 0;
		};
/* End PBXSourcesBuildPhase section */

/* Begin PBXTargetDependency section */
		BFC017461EDF9875005D66B0 /* PBXTargetDependency */ = {
			isa = PBXTargetDependency;
			target = BFC0172F1EDF9875005D66B0 /* KYMart */;
			targetProxy = BFC017451EDF9875005D66B0 /* PBXContainerItemProxy */;
		};
		BFC017511EDF9875005D66B0 /* PBXTargetDependency */ = {
			isa = PBXTargetDependency;
			target = BFC0172F1EDF9875005D66B0 /* KYMart */;
			targetProxy = BFC017501EDF9875005D66B0 /* PBXContainerItemProxy */;
		};
/* End PBXTargetDependency section */

/* Begin PBXVariantGroup section */
		BFC017371EDF9875005D66B0 /* Main.storyboard */ = {
			isa = PBXVariantGroup;
			children = (
				BFC017381EDF9875005D66B0 /* Base */,
			);
			name = Main.storyboard;
			sourceTree = "<group>";
		};
		BFC0173C1EDF9875005D66B0 /* LaunchScreen.storyboard */ = {
			isa = PBXVariantGroup;
			children = (
				BFC0173D1EDF9875005D66B0 /* Base */,
			);
			name = LaunchScreen.storyboard;
			sourceTree = "<group>";
		};
/* End PBXVariantGroup section */

/* Begin XCBuildConfiguration section */
		BFC017561EDF9875005D66B0 /* Debug */ = {
			isa = XCBuildConfiguration;
			buildSettings = {
				ALWAYS_SEARCH_USER_PATHS = NO;
				CLANG_ANALYZER_NONNULL = YES;
				CLANG_ANALYZER_NUMBER_OBJECT_CONVERSION = YES_AGGRESSIVE;
				CLANG_CXX_LANGUAGE_STANDARD = "gnu++0x";
				CLANG_CXX_LIBRARY = "libc++";
				CLANG_ENABLE_MODULES = YES;
				CLANG_ENABLE_OBJC_ARC = YES;
				CLANG_WARN_BOOL_CONVERSION = YES;
				CLANG_WARN_CONSTANT_CONVERSION = YES;
				CLANG_WARN_DIRECT_OBJC_ISA_USAGE = YES_ERROR;
				CLANG_WARN_DOCUMENTATION_COMMENTS = YES;
				CLANG_WARN_EMPTY_BODY = YES;
				CLANG_WARN_ENUM_CONVERSION = YES;
				CLANG_WARN_INFINITE_RECURSION = YES;
				CLANG_WARN_INT_CONVERSION = YES;
				CLANG_WARN_OBJC_ROOT_CLASS = YES_ERROR;
				CLANG_WARN_SUSPICIOUS_MOVE = YES;
				CLANG_WARN_UNREACHABLE_CODE = YES;
				CLANG_WARN__DUPLICATE_METHOD_MATCH = YES;
				"CODE_SIGN_IDENTITY[sdk=iphoneos*]" = "iPhone Developer";
				COPY_PHASE_STRIP = NO;
				DEBUG_INFORMATION_FORMAT = dwarf;
				ENABLE_STRICT_OBJC_MSGSEND = YES;
				ENABLE_TESTABILITY = YES;
				GCC_C_LANGUAGE_STANDARD = gnu99;
				GCC_DYNAMIC_NO_PIC = NO;
				GCC_NO_COMMON_BLOCKS = YES;
				GCC_OPTIMIZATION_LEVEL = 0;
				GCC_PREPROCESSOR_DEFINITIONS = (
					"DEBUG=1",
					"$(inherited)",
				);
				GCC_WARN_64_TO_32_BIT_CONVERSION = YES;
				GCC_WARN_ABOUT_RETURN_TYPE = YES_ERROR;
				GCC_WARN_UNDECLARED_SELECTOR = YES;
				GCC_WARN_UNINITIALIZED_AUTOS = YES_AGGRESSIVE;
				GCC_WARN_UNUSED_FUNCTION = YES;
				GCC_WARN_UNUSED_VARIABLE = YES;
				IPHONEOS_DEPLOYMENT_TARGET = 10.3;
				MTL_ENABLE_DEBUG_INFO = YES;
				ONLY_ACTIVE_ARCH = YES;
				SDKROOT = iphoneos;
				SWIFT_ACTIVE_COMPILATION_CONDITIONS = DEBUG;
				SWIFT_OPTIMIZATION_LEVEL = "-Onone";
			};
			name = Debug;
		};
		BFC017571EDF9875005D66B0 /* Release */ = {
			isa = XCBuildConfiguration;
			buildSettings = {
				ALWAYS_SEARCH_USER_PATHS = NO;
				CLANG_ANALYZER_NONNULL = YES;
				CLANG_ANALYZER_NUMBER_OBJECT_CONVERSION = YES_AGGRESSIVE;
				CLANG_CXX_LANGUAGE_STANDARD = "gnu++0x";
				CLANG_CXX_LIBRARY = "libc++";
				CLANG_ENABLE_MODULES = YES;
				CLANG_ENABLE_OBJC_ARC = YES;
				CLANG_WARN_BOOL_CONVERSION = YES;
				CLANG_WARN_CONSTANT_CONVERSION = YES;
				CLANG_WARN_DIRECT_OBJC_ISA_USAGE = YES_ERROR;
				CLANG_WARN_DOCUMENTATION_COMMENTS = YES;
				CLANG_WARN_EMPTY_BODY = YES;
				CLANG_WARN_ENUM_CONVERSION = YES;
				CLANG_WARN_INFINITE_RECURSION = YES;
				CLANG_WARN_INT_CONVERSION = YES;
				CLANG_WARN_OBJC_ROOT_CLASS = YES_ERROR;
				CLANG_WARN_SUSPICIOUS_MOVE = YES;
				CLANG_WARN_UNREACHABLE_CODE = YES;
				CLANG_WARN__DUPLICATE_METHOD_MATCH = YES;
				"CODE_SIGN_IDENTITY[sdk=iphoneos*]" = "iPhone Developer";
				COPY_PHASE_STRIP = NO;
				DEBUG_INFORMATION_FORMAT = "dwarf-with-dsym";
				ENABLE_NS_ASSERTIONS = NO;
				ENABLE_STRICT_OBJC_MSGSEND = YES;
				GCC_C_LANGUAGE_STANDARD = gnu99;
				GCC_NO_COMMON_BLOCKS = YES;
				GCC_WARN_64_TO_32_BIT_CONVERSION = YES;
				GCC_WARN_ABOUT_RETURN_TYPE = YES_ERROR;
				GCC_WARN_UNDECLARED_SELECTOR = YES;
				GCC_WARN_UNINITIALIZED_AUTOS = YES_AGGRESSIVE;
				GCC_WARN_UNUSED_FUNCTION = YES;
				GCC_WARN_UNUSED_VARIABLE = YES;
				IPHONEOS_DEPLOYMENT_TARGET = 10.3;
				MTL_ENABLE_DEBUG_INFO = NO;
				SDKROOT = iphoneos;
				SWIFT_OPTIMIZATION_LEVEL = "-Owholemodule";
				VALIDATE_PRODUCT = YES;
			};
			name = Release;
		};
		BFC017591EDF9875005D66B0 /* Debug */ = {
			isa = XCBuildConfiguration;
			baseConfigurationReference = 01CB4B724B5560F7C7F4E1F7 /* Pods-KYMart.debug.xcconfig */;
			buildSettings = {
				ASSETCATALOG_COMPILER_APPICON_NAME = AppIcon;
				CLANG_ENABLE_MODULES = YES;
				DEFINES_MODULE = NO;
				FRAMEWORK_SEARCH_PATHS = (
					"$(inherited)",
					"$(PROJECT_DIR)/Vender/YYKit/YYWebImage/Image",
				);
				INFOPLIST_FILE = KYMart/Info.plist;
				LD_RUNPATH_SEARCH_PATHS = "$(inherited) @executable_path/Frameworks";
				PRODUCT_BUNDLE_IDENTIFIER = JUN.KYMart;
				PRODUCT_NAME = "$(TARGET_NAME)";
				SWIFT_OBJC_BRIDGING_HEADER = "AppDelegate/KYMart-Bridging-Header.h";
				SWIFT_OPTIMIZATION_LEVEL = "-Onone";
				SWIFT_VERSION = 3.0;
			};
			name = Debug;
		};
		BFC0175A1EDF9875005D66B0 /* Release */ = {
			isa = XCBuildConfiguration;
			baseConfigurationReference = 8B9F43A844CFA121A5EE4CB5 /* Pods-KYMart.release.xcconfig */;
			buildSettings = {
				ASSETCATALOG_COMPILER_APPICON_NAME = AppIcon;
				CLANG_ENABLE_MODULES = YES;
				DEFINES_MODULE = NO;
				FRAMEWORK_SEARCH_PATHS = (
					"$(inherited)",
					"$(PROJECT_DIR)/Vender/YYKit/YYWebImage/Image",
				);
				INFOPLIST_FILE = KYMart/Info.plist;
				LD_RUNPATH_SEARCH_PATHS = "$(inherited) @executable_path/Frameworks";
				PRODUCT_BUNDLE_IDENTIFIER = JUN.KYMart;
				PRODUCT_NAME = "$(TARGET_NAME)";
				SWIFT_OBJC_BRIDGING_HEADER = "AppDelegate/KYMart-Bridging-Header.h";
				SWIFT_VERSION = 3.0;
			};
			name = Release;
		};
		BFC0175C1EDF9875005D66B0 /* Debug */ = {
			isa = XCBuildConfiguration;
			buildSettings = {
				ALWAYS_EMBED_SWIFT_STANDARD_LIBRARIES = YES;
				BUNDLE_LOADER = "$(TEST_HOST)";
				INFOPLIST_FILE = KYMartTests/Info.plist;
				LD_RUNPATH_SEARCH_PATHS = "$(inherited) @executable_path/Frameworks @loader_path/Frameworks";
				PRODUCT_BUNDLE_IDENTIFIER = JUN.KYMartTests;
				PRODUCT_NAME = "$(TARGET_NAME)";
				SWIFT_VERSION = 3.0;
				TEST_HOST = "$(BUILT_PRODUCTS_DIR)/KYMart.app/KYMart";
			};
			name = Debug;
		};
		BFC0175D1EDF9875005D66B0 /* Release */ = {
			isa = XCBuildConfiguration;
			buildSettings = {
				ALWAYS_EMBED_SWIFT_STANDARD_LIBRARIES = YES;
				BUNDLE_LOADER = "$(TEST_HOST)";
				INFOPLIST_FILE = KYMartTests/Info.plist;
				LD_RUNPATH_SEARCH_PATHS = "$(inherited) @executable_path/Frameworks @loader_path/Frameworks";
				PRODUCT_BUNDLE_IDENTIFIER = JUN.KYMartTests;
				PRODUCT_NAME = "$(TARGET_NAME)";
				SWIFT_VERSION = 3.0;
				TEST_HOST = "$(BUILT_PRODUCTS_DIR)/KYMart.app/KYMart";
			};
			name = Release;
		};
		BFC0175F1EDF9875005D66B0 /* Debug */ = {
			isa = XCBuildConfiguration;
			buildSettings = {
				ALWAYS_EMBED_SWIFT_STANDARD_LIBRARIES = YES;
				INFOPLIST_FILE = KYMartUITests/Info.plist;
				LD_RUNPATH_SEARCH_PATHS = "$(inherited) @executable_path/Frameworks @loader_path/Frameworks";
				PRODUCT_BUNDLE_IDENTIFIER = JUN.KYMartUITests;
				PRODUCT_NAME = "$(TARGET_NAME)";
				SWIFT_VERSION = 3.0;
				TEST_TARGET_NAME = KYMart;
			};
			name = Debug;
		};
		BFC017601EDF9875005D66B0 /* Release */ = {
			isa = XCBuildConfiguration;
			buildSettings = {
				ALWAYS_EMBED_SWIFT_STANDARD_LIBRARIES = YES;
				INFOPLIST_FILE = KYMartUITests/Info.plist;
				LD_RUNPATH_SEARCH_PATHS = "$(inherited) @executable_path/Frameworks @loader_path/Frameworks";
				PRODUCT_BUNDLE_IDENTIFIER = JUN.KYMartUITests;
				PRODUCT_NAME = "$(TARGET_NAME)";
				SWIFT_VERSION = 3.0;
				TEST_TARGET_NAME = KYMart;
			};
			name = Release;
		};
/* End XCBuildConfiguration section */

/* Begin XCConfigurationList section */
		BFC0172B1EDF9875005D66B0 /* Build configuration list for PBXProject "KYMart" */ = {
			isa = XCConfigurationList;
			buildConfigurations = (
				BFC017561EDF9875005D66B0 /* Debug */,
				BFC017571EDF9875005D66B0 /* Release */,
			);
			defaultConfigurationIsVisible = 0;
			defaultConfigurationName = Release;
		};
		BFC017581EDF9875005D66B0 /* Build configuration list for PBXNativeTarget "KYMart" */ = {
			isa = XCConfigurationList;
			buildConfigurations = (
				BFC017591EDF9875005D66B0 /* Debug */,
				BFC0175A1EDF9875005D66B0 /* Release */,
			);
			defaultConfigurationIsVisible = 0;
			defaultConfigurationName = Release;
		};
		BFC0175B1EDF9875005D66B0 /* Build configuration list for PBXNativeTarget "KYMartTests" */ = {
			isa = XCConfigurationList;
			buildConfigurations = (
				BFC0175C1EDF9875005D66B0 /* Debug */,
				BFC0175D1EDF9875005D66B0 /* Release */,
			);
			defaultConfigurationIsVisible = 0;
			defaultConfigurationName = Release;
		};
		BFC0175E1EDF9875005D66B0 /* Build configuration list for PBXNativeTarget "KYMartUITests" */ = {
			isa = XCConfigurationList;
			buildConfigurations = (
				BFC0175F1EDF9875005D66B0 /* Debug */,
				BFC017601EDF9875005D66B0 /* Release */,
			);
			defaultConfigurationIsVisible = 0;
			defaultConfigurationName = Release;
		};
/* End XCConfigurationList section */
	};
	rootObject = BFC017281EDF9875005D66B0 /* Project object */;
}
